// !$*UTF8*$!
{
    archiveVersion = 1;
    classes = {
    };
    objectVersion = 46;
    objects = {

/* Begin PBXAggregateTarget section */
		A98B082EA98B1BEA00000006 /* ca-crt */ = {
			isa = PBXAggregateTarget;
			buildConfigurationList = A98B082EA98B1BEA00000005 /* Build configuration list for PBXAggregateTarget "ca-crt" */;
			buildPhases = (
				A98B082EA98B1BEA00000007,
			);
			dependencies = (
				A98B082EA98B1BEA00000008 /* PBXTargetDependency Prep */,
			);
			name = ca-crt;
			productName = ca-crt;
		};
		A98B082EA98B1BEA0000000A /* All */ = {
			isa = PBXAggregateTarget;
			buildConfigurationList = A98B082EA98B1BEA00000009 /* Build configuration list for PBXAggregateTarget "All" */;
			buildPhases = (
				
			);
			dependencies = (
				A98B082EA98B1BEA0000000B /* PBXTargetDependency libest */,
				A98B082EA98B1BEA0000000C /* PBXTargetDependency ca-crt */,
				A98B082EA98B1BEA0000000D /* PBXTargetDependency libgo */,
				A98B082EA98B1BEA0000000E /* PBXTargetDependency goahead */,
				A98B082EA98B1BEA0000000F /* PBXTargetDependency goahead-test */,
				A98B082EA98B1BEA00000010 /* PBXTargetDependency gopass */,
			);
			name = All;
			productName = All;
		};
		A98B082EA98B1BEA00000012 /* Prep */ = {
			isa = PBXAggregateTarget;
			buildConfigurationList = A98B082EA98B1BEA00000011 /* Build configuration list for PBXAggregateTarget "Prep" */;
			buildPhases = (
				A98B082EA98B1BEA00000013,
			);
			dependencies = (
			);
			name = Prep;
			productName = Prep;
		};
/* End PBXAggregateTarget section */

/* Begin PBXBuildFile section */
		A98B082EA98B1BEA00000014 /* estLib.c in Sources */ = {isa = PBXBuildFile; fileRef = A98B082EA98B1BEA00000015 /* estLib.c */; };
		A98B082EA98B1BEA00000016 /* action.c in Sources */ = {isa = PBXBuildFile; fileRef = A98B082EA98B1BEA00000017 /* action.c */; };
		A98B082EA98B1BEA00000018 /* alloc.c in Sources */ = {isa = PBXBuildFile; fileRef = A98B082EA98B1BEA00000019 /* alloc.c */; };
		A98B082EA98B1BEA0000001A /* auth.c in Sources */ = {isa = PBXBuildFile; fileRef = A98B082EA98B1BEA0000001B /* auth.c */; };
		A98B082EA98B1BEA0000001C /* cgi.c in Sources */ = {isa = PBXBuildFile; fileRef = A98B082EA98B1BEA0000001D /* cgi.c */; };
		A98B082EA98B1BEA0000001E /* crypt.c in Sources */ = {isa = PBXBuildFile; fileRef = A98B082EA98B1BEA0000001F /* crypt.c */; };
		A98B082EA98B1BEA00000020 /* file.c in Sources */ = {isa = PBXBuildFile; fileRef = A98B082EA98B1BEA00000021 /* file.c */; };
		A98B082EA98B1BEA00000022 /* fs.c in Sources */ = {isa = PBXBuildFile; fileRef = A98B082EA98B1BEA00000023 /* fs.c */; };
		A98B082EA98B1BEA00000024 /* http.c in Sources */ = {isa = PBXBuildFile; fileRef = A98B082EA98B1BEA00000025 /* http.c */; };
		A98B082EA98B1BEA00000026 /* js.c in Sources */ = {isa = PBXBuildFile; fileRef = A98B082EA98B1BEA00000027 /* js.c */; };
		A98B082EA98B1BEA00000028 /* jst.c in Sources */ = {isa = PBXBuildFile; fileRef = A98B082EA98B1BEA00000029 /* jst.c */; };
		A98B082EA98B1BEA0000002A /* options.c in Sources */ = {isa = PBXBuildFile; fileRef = A98B082EA98B1BEA0000002B /* options.c */; };
		A98B082EA98B1BEA0000002C /* osdep.c in Sources */ = {isa = PBXBuildFile; fileRef = A98B082EA98B1BEA0000002D /* osdep.c */; };
		A98B082EA98B1BEA0000002E /* rom-documents.c in Sources */ = {isa = PBXBuildFile; fileRef = A98B082EA98B1BEA0000002F /* rom-documents.c */; };
		A98B082EA98B1BEA00000030 /* route.c in Sources */ = {isa = PBXBuildFile; fileRef = A98B082EA98B1BEA00000031 /* route.c */; };
		A98B082EA98B1BEA00000032 /* runtime.c in Sources */ = {isa = PBXBuildFile; fileRef = A98B082EA98B1BEA00000033 /* runtime.c */; };
		A98B082EA98B1BEA00000034 /* socket.c in Sources */ = {isa = PBXBuildFile; fileRef = A98B082EA98B1BEA00000035 /* socket.c */; };
		A98B082EA98B1BEA00000036 /* upload.c in Sources */ = {isa = PBXBuildFile; fileRef = A98B082EA98B1BEA00000037 /* upload.c */; };
		A98B082EA98B1BEA00000038 /* est.c in Sources */ = {isa = PBXBuildFile; fileRef = A98B082EA98B1BEA00000039 /* est.c */; };
		A98B082EA98B1BEA0000003A /* matrixssl.c in Sources */ = {isa = PBXBuildFile; fileRef = A98B082EA98B1BEA0000003B /* matrixssl.c */; };
		A98B082EA98B1BEA0000003C /* nanossl.c in Sources */ = {isa = PBXBuildFile; fileRef = A98B082EA98B1BEA0000003D /* nanossl.c */; };
		A98B082EA98B1BEA0000003E /* openssl.c in Sources */ = {isa = PBXBuildFile; fileRef = A98B082EA98B1BEA0000003F /* openssl.c */; };
		A98B082EA98B1BEA00000040 /* goahead.c in Sources */ = {isa = PBXBuildFile; fileRef = A98B082EA98B1BEA00000041 /* goahead.c */; };
		A98B082EA98B1BEA00000042 /* test.c in Sources */ = {isa = PBXBuildFile; fileRef = A98B082EA98B1BEA00000043 /* test.c */; };
		A98B082EA98B1BEA00000044 /* gopass.c in Sources */ = {isa = PBXBuildFile; fileRef = A98B082EA98B1BEA00000045 /* gopass.c */; };
		A98B082EA98B1BEA00000046 /* libest.dylib for libgo */ = {isa = PBXBuildFile; fileRef = A98B082EA98B1BEA00000047; };
		A98B082EA98B1BEA00000048 /* libgo.dylib for goahead */ = {isa = PBXBuildFile; fileRef = A98B082EA98B1BEA00000049; };
		A98B082EA98B1BEA0000004A /* libest.dylib for goahead */ = {isa = PBXBuildFile; fileRef = A98B082EA98B1BEA00000047; };
		A98B082EA98B1BEA0000004B /* libgo.dylib for goahead-test */ = {isa = PBXBuildFile; fileRef = A98B082EA98B1BEA00000049; };
		A98B082EA98B1BEA0000004C /* libest.dylib for goahead-test */ = {isa = PBXBuildFile; fileRef = A98B082EA98B1BEA00000047; };
		A98B082EA98B1BEA0000004D /* libgo.dylib for gopass */ = {isa = PBXBuildFile; fileRef = A98B082EA98B1BEA00000049; };
		A98B082EA98B1BEA0000004E /* libest.dylib for gopass */ = {isa = PBXBuildFile; fileRef = A98B082EA98B1BEA00000047; };
/* End PBXBuildFile section */

/* Begin PBXContainerItemProxy section */
		A98B082EA98B1BEA0000004F /* PBXContainerItemProxy Prep from libest */ = {
			isa = PBXContainerItemProxy;
			containerPortal = A98B082EA98B1BEA00000001 /* Project object */;
			proxyType = 1;
			remoteGlobalIDString = A98B082EA98B1BEA00000012;
			remoteInfo = Prep;
		};
		A98B082EA98B1BEA00000050 /* PBXContainerItemProxy Prep from ca-crt */ = {
			isa = PBXContainerItemProxy;
			containerPortal = A98B082EA98B1BEA00000001 /* Project object */;
			proxyType = 1;
			remoteGlobalIDString = A98B082EA98B1BEA00000012;
			remoteInfo = Prep;
		};
		A98B082EA98B1BEA00000051 /* PBXContainerItemProxy Prep from libgo */ = {
			isa = PBXContainerItemProxy;
			containerPortal = A98B082EA98B1BEA00000001 /* Project object */;
			proxyType = 1;
			remoteGlobalIDString = A98B082EA98B1BEA00000012;
			remoteInfo = Prep;
		};
		A98B082EA98B1BEA00000052 /* PBXContainerItemProxy libest from libgo */ = {
			isa = PBXContainerItemProxy;
			containerPortal = A98B082EA98B1BEA00000001 /* Project object */;
			proxyType = 1;
			remoteGlobalIDString = A98B082EA98B1BEA00000053;
			remoteInfo = libest;
		};
		A98B082EA98B1BEA00000054 /* PBXContainerItemProxy Prep from goahead */ = {
			isa = PBXContainerItemProxy;
			containerPortal = A98B082EA98B1BEA00000001 /* Project object */;
			proxyType = 1;
			remoteGlobalIDString = A98B082EA98B1BEA00000012;
			remoteInfo = Prep;
		};
		A98B082EA98B1BEA00000055 /* PBXContainerItemProxy libest from goahead */ = {
			isa = PBXContainerItemProxy;
			containerPortal = A98B082EA98B1BEA00000001 /* Project object */;
			proxyType = 1;
			remoteGlobalIDString = A98B082EA98B1BEA00000053;
			remoteInfo = libest;
		};
		A98B082EA98B1BEA00000056 /* PBXContainerItemProxy libgo from goahead */ = {
			isa = PBXContainerItemProxy;
			containerPortal = A98B082EA98B1BEA00000001 /* Project object */;
			proxyType = 1;
			remoteGlobalIDString = A98B082EA98B1BEA00000057;
			remoteInfo = libgo;
		};
		A98B082EA98B1BEA00000058 /* PBXContainerItemProxy Prep from goahead-test */ = {
			isa = PBXContainerItemProxy;
			containerPortal = A98B082EA98B1BEA00000001 /* Project object */;
			proxyType = 1;
			remoteGlobalIDString = A98B082EA98B1BEA00000012;
			remoteInfo = Prep;
		};
		A98B082EA98B1BEA00000059 /* PBXContainerItemProxy libest from goahead-test */ = {
			isa = PBXContainerItemProxy;
			containerPortal = A98B082EA98B1BEA00000001 /* Project object */;
			proxyType = 1;
			remoteGlobalIDString = A98B082EA98B1BEA00000053;
			remoteInfo = libest;
		};
		A98B082EA98B1BEA0000005A /* PBXContainerItemProxy libgo from goahead-test */ = {
			isa = PBXContainerItemProxy;
			containerPortal = A98B082EA98B1BEA00000001 /* Project object */;
			proxyType = 1;
			remoteGlobalIDString = A98B082EA98B1BEA00000057;
			remoteInfo = libgo;
		};
		A98B082EA98B1BEA0000005B /* PBXContainerItemProxy Prep from gopass */ = {
			isa = PBXContainerItemProxy;
			containerPortal = A98B082EA98B1BEA00000001 /* Project object */;
			proxyType = 1;
			remoteGlobalIDString = A98B082EA98B1BEA00000012;
			remoteInfo = Prep;
		};
		A98B082EA98B1BEA0000005C /* PBXContainerItemProxy libest from gopass */ = {
			isa = PBXContainerItemProxy;
			containerPortal = A98B082EA98B1BEA00000001 /* Project object */;
			proxyType = 1;
			remoteGlobalIDString = A98B082EA98B1BEA00000053;
			remoteInfo = libest;
		};
		A98B082EA98B1BEA0000005D /* PBXContainerItemProxy libgo from gopass */ = {
			isa = PBXContainerItemProxy;
			containerPortal = A98B082EA98B1BEA00000001 /* Project object */;
			proxyType = 1;
			remoteGlobalIDString = A98B082EA98B1BEA00000057;
			remoteInfo = libgo;
		};
		A98B082EA98B1BEA0000005E /* PBXContainerItemProxy Prep from All */ = {
			isa = PBXContainerItemProxy;
			containerPortal = A98B082EA98B1BEA00000001 /* Project object */;
			proxyType = 1;
			remoteGlobalIDString = A98B082EA98B1BEA00000012;
			remoteInfo = Prep;
		};
		A98B082EA98B1BEA0000005F /* PBXContainerItemProxy libest from All */ = {
			isa = PBXContainerItemProxy;
			containerPortal = A98B082EA98B1BEA00000001 /* Project object */;
			proxyType = 1;
			remoteGlobalIDString = A98B082EA98B1BEA00000053;
			remoteInfo = libest;
		};
		A98B082EA98B1BEA00000060 /* PBXContainerItemProxy ca-crt from All */ = {
			isa = PBXContainerItemProxy;
			containerPortal = A98B082EA98B1BEA00000001 /* Project object */;
			proxyType = 1;
			remoteGlobalIDString = A98B082EA98B1BEA00000006;
			remoteInfo = ca-crt;
		};
		A98B082EA98B1BEA00000061 /* PBXContainerItemProxy libgo from All */ = {
			isa = PBXContainerItemProxy;
			containerPortal = A98B082EA98B1BEA00000001 /* Project object */;
			proxyType = 1;
			remoteGlobalIDString = A98B082EA98B1BEA00000057;
			remoteInfo = libgo;
		};
		A98B082EA98B1BEA00000062 /* PBXContainerItemProxy goahead from All */ = {
			isa = PBXContainerItemProxy;
			containerPortal = A98B082EA98B1BEA00000001 /* Project object */;
			proxyType = 1;
			remoteGlobalIDString = A98B082EA98B1BEA00000063;
			remoteInfo = goahead;
		};
		A98B082EA98B1BEA00000064 /* PBXContainerItemProxy goahead-test from All */ = {
			isa = PBXContainerItemProxy;
			containerPortal = A98B082EA98B1BEA00000001 /* Project object */;
			proxyType = 1;
			remoteGlobalIDString = A98B082EA98B1BEA00000065;
			remoteInfo = goahead-test;
		};
		A98B082EA98B1BEA00000066 /* PBXContainerItemProxy gopass from All */ = {
			isa = PBXContainerItemProxy;
			containerPortal = A98B082EA98B1BEA00000001 /* Project object */;
			proxyType = 1;
			remoteGlobalIDString = A98B082EA98B1BEA00000067;
			remoteInfo = gopass;
		};
/* End PBXContainerItemProxy section */

/* Begin PBXFileReference section */
		A98B082EA98B1BEA00000015 /* estLib.c */ = {isa = PBXFileReference; fileEncoding = 4; lastKnownFileType = sourcecode.c.c; name = estLib.c; path = src/deps/est/estLib.c; sourceTree = "<group>"; };
		A98B082EA98B1BEA00000068 /* bit.h */ = {isa = PBXFileReference; fileEncoding = 4; lastKnownFileType = sourcecode.c.h; name = bit.h; path = macosx-x64-default/inc/bit.h; sourceTree = "<group>"; };
		A98B082EA98B1BEA00000069 /* est.h */ = {isa = PBXFileReference; fileEncoding = 4; lastKnownFileType = sourcecode.c.h; name = est.h; path = macosx-x64-default/inc/est.h; sourceTree = "<group>"; };
		A98B082EA98B1BEA0000006A /* bitos.h */ = {isa = PBXFileReference; fileEncoding = 4; lastKnownFileType = sourcecode.c.h; name = bitos.h; path = macosx-x64-default/inc/bitos.h; sourceTree = "<group>"; };
		A98B082EA98B1BEA00000047 /* libest */ = {isa = PBXFileReference; explicitFileType = "compiled.mach-o.dylib"; includeInIndex = 0; path = libest.dylib; sourceTree = BUILT_PRODUCTS_DIR; };
		A98B082EA98B1BEA00000017 /* action.c */ = {isa = PBXFileReference; fileEncoding = 4; lastKnownFileType = sourcecode.c.c; name = action.c; path = src/action.c; sourceTree = "<group>"; };
		A98B082EA98B1BEA0000006B /* goahead.h */ = {isa = PBXFileReference; fileEncoding = 4; lastKnownFileType = sourcecode.c.h; name = goahead.h; path = macosx-x64-default/inc/goahead.h; sourceTree = "<group>"; };
		A98B082EA98B1BEA00000019 /* alloc.c */ = {isa = PBXFileReference; fileEncoding = 4; lastKnownFileType = sourcecode.c.c; name = alloc.c; path = src/alloc.c; sourceTree = "<group>"; };
		A98B082EA98B1BEA0000001B /* auth.c */ = {isa = PBXFileReference; fileEncoding = 4; lastKnownFileType = sourcecode.c.c; name = auth.c; path = src/auth.c; sourceTree = "<group>"; };
		A98B082EA98B1BEA0000001D /* cgi.c */ = {isa = PBXFileReference; fileEncoding = 4; lastKnownFileType = sourcecode.c.c; name = cgi.c; path = src/cgi.c; sourceTree = "<group>"; };
		A98B082EA98B1BEA0000001F /* crypt.c */ = {isa = PBXFileReference; fileEncoding = 4; lastKnownFileType = sourcecode.c.c; name = crypt.c; path = src/crypt.c; sourceTree = "<group>"; };
		A98B082EA98B1BEA00000021 /* file.c */ = {isa = PBXFileReference; fileEncoding = 4; lastKnownFileType = sourcecode.c.c; name = file.c; path = src/file.c; sourceTree = "<group>"; };
		A98B082EA98B1BEA00000023 /* fs.c */ = {isa = PBXFileReference; fileEncoding = 4; lastKnownFileType = sourcecode.c.c; name = fs.c; path = src/fs.c; sourceTree = "<group>"; };
		A98B082EA98B1BEA00000025 /* http.c */ = {isa = PBXFileReference; fileEncoding = 4; lastKnownFileType = sourcecode.c.c; name = http.c; path = src/http.c; sourceTree = "<group>"; };
		A98B082EA98B1BEA00000027 /* js.c */ = {isa = PBXFileReference; fileEncoding = 4; lastKnownFileType = sourcecode.c.c; name = js.c; path = src/js.c; sourceTree = "<group>"; };
		A98B082EA98B1BEA0000006C /* js.h */ = {isa = PBXFileReference; fileEncoding = 4; lastKnownFileType = sourcecode.c.h; name = js.h; path = macosx-x64-default/inc/js.h; sourceTree = "<group>"; };
		A98B082EA98B1BEA00000029 /* jst.c */ = {isa = PBXFileReference; fileEncoding = 4; lastKnownFileType = sourcecode.c.c; name = jst.c; path = src/jst.c; sourceTree = "<group>"; };
		A98B082EA98B1BEA0000002B /* options.c */ = {isa = PBXFileReference; fileEncoding = 4; lastKnownFileType = sourcecode.c.c; name = options.c; path = src/options.c; sourceTree = "<group>"; };
		A98B082EA98B1BEA0000002D /* osdep.c */ = {isa = PBXFileReference; fileEncoding = 4; lastKnownFileType = sourcecode.c.c; name = osdep.c; path = src/osdep.c; sourceTree = "<group>"; };
		A98B082EA98B1BEA0000002F /* rom-documents.c */ = {isa = PBXFileReference; fileEncoding = 4; lastKnownFileType = sourcecode.c.c; name = rom-documents.c; path = src/rom-documents.c; sourceTree = "<group>"; };
		A98B082EA98B1BEA00000031 /* route.c */ = {isa = PBXFileReference; fileEncoding = 4; lastKnownFileType = sourcecode.c.c; name = route.c; path = src/route.c; sourceTree = "<group>"; };
		A98B082EA98B1BEA00000033 /* runtime.c */ = {isa = PBXFileReference; fileEncoding = 4; lastKnownFileType = sourcecode.c.c; name = runtime.c; path = src/runtime.c; sourceTree = "<group>"; };
		A98B082EA98B1BEA00000035 /* socket.c */ = {isa = PBXFileReference; fileEncoding = 4; lastKnownFileType = sourcecode.c.c; name = socket.c; path = src/socket.c; sourceTree = "<group>"; };
		A98B082EA98B1BEA00000037 /* upload.c */ = {isa = PBXFileReference; fileEncoding = 4; lastKnownFileType = sourcecode.c.c; name = upload.c; path = src/upload.c; sourceTree = "<group>"; };
		A98B082EA98B1BEA00000039 /* est.c */ = {isa = PBXFileReference; fileEncoding = 4; lastKnownFileType = sourcecode.c.c; name = est.c; path = src/ssl/est.c; sourceTree = "<group>"; };
		A98B082EA98B1BEA0000003B /* matrixssl.c */ = {isa = PBXFileReference; fileEncoding = 4; lastKnownFileType = sourcecode.c.c; name = matrixssl.c; path = src/ssl/matrixssl.c; sourceTree = "<group>"; };
		A98B082EA98B1BEA0000003D /* nanossl.c */ = {isa = PBXFileReference; fileEncoding = 4; lastKnownFileType = sourcecode.c.c; name = nanossl.c; path = src/ssl/nanossl.c; sourceTree = "<group>"; };
		A98B082EA98B1BEA0000003F /* openssl.c */ = {isa = PBXFileReference; fileEncoding = 4; lastKnownFileType = sourcecode.c.c; name = openssl.c; path = src/ssl/openssl.c; sourceTree = "<group>"; };
		A98B082EA98B1BEA00000049 /* libgo */ = {isa = PBXFileReference; explicitFileType = "compiled.mach-o.dylib"; includeInIndex = 0; path = libgo.dylib; sourceTree = BUILT_PRODUCTS_DIR; };
		A98B082EA98B1BEA00000041 /* goahead.c */ = {isa = PBXFileReference; fileEncoding = 4; lastKnownFileType = sourcecode.c.c; name = goahead.c; path = src/goahead.c; sourceTree = "<group>"; };
		A98B082EA98B1BEA0000006D /* goahead */ = {isa = PBXFileReference; explicitFileType = "compiled.mach-o.executable"; includeInIndex = 0; path = goahead; sourceTree = BUILT_PRODUCTS_DIR; };
		A98B082EA98B1BEA00000043 /* test.c */ = {isa = PBXFileReference; fileEncoding = 4; lastKnownFileType = sourcecode.c.c; name = test.c; path = test/test.c; sourceTree = "<group>"; };
		A98B082EA98B1BEA0000006E /* goahead-test */ = {isa = PBXFileReference; explicitFileType = "compiled.mach-o.executable"; includeInIndex = 0; path = goahead-test; sourceTree = BUILT_PRODUCTS_DIR; };
		A98B082EA98B1BEA00000045 /* gopass.c */ = {isa = PBXFileReference; fileEncoding = 4; lastKnownFileType = sourcecode.c.c; name = gopass.c; path = src/utils/gopass.c; sourceTree = "<group>"; };
		A98B082EA98B1BEA0000006F /* gopass */ = {isa = PBXFileReference; explicitFileType = "compiled.mach-o.executable"; includeInIndex = 0; path = gopass; sourceTree = BUILT_PRODUCTS_DIR; };
/* End PBXFileReference section */

/* Begin PBXFrameworksBuildPhase section */
		A98B082EA98B1BEA00000070 /* Frameworks and Libraries for libest */ = {
            isa = PBXFrameworksBuildPhase;
            buildActionMask = 2147483647;
            files = (
				
            );
            runOnlyForDeploymentPostprocessing = 0;
        };
		A98B082EA98B1BEA00000071 /* Frameworks and Libraries for libgo */ = {
            isa = PBXFrameworksBuildPhase;
            buildActionMask = 2147483647;
            files = (
				A98B082EA98B1BEA00000046 /* libest */,				
            );
            runOnlyForDeploymentPostprocessing = 0;
        };
		A98B082EA98B1BEA00000072 /* Frameworks and Libraries for goahead */ = {
            isa = PBXFrameworksBuildPhase;
            buildActionMask = 2147483647;
            files = (
				A98B082EA98B1BEA00000048 /* libgo */,
				A98B082EA98B1BEA0000004A /* libest */,				
            );
            runOnlyForDeploymentPostprocessing = 0;
        };
		A98B082EA98B1BEA00000073 /* Frameworks and Libraries for goahead-test */ = {
            isa = PBXFrameworksBuildPhase;
            buildActionMask = 2147483647;
            files = (
				A98B082EA98B1BEA0000004B /* libgo */,
				A98B082EA98B1BEA0000004C /* libest */,				
            );
            runOnlyForDeploymentPostprocessing = 0;
        };
		A98B082EA98B1BEA00000074 /* Frameworks and Libraries for gopass */ = {
            isa = PBXFrameworksBuildPhase;
            buildActionMask = 2147483647;
            files = (
				A98B082EA98B1BEA0000004D /* libgo */,
				A98B082EA98B1BEA0000004E /* libest */,				
            );
            runOnlyForDeploymentPostprocessing = 0;
        };
/* End PBXFrameworksBuildPhase section */

/* Begin PBXGroup section */
		A98B082EA98B1BEA00000075 /* Top Group */ = {
            isa = PBXGroup;
            children = (
				A98B082EA98B1BEA00000076 /* libest */,
				A98B082EA98B1BEA00000077 /* libgo */,
				A98B082EA98B1BEA00000078 /* goahead */,
				A98B082EA98B1BEA00000079 /* goahead-test */,
				A98B082EA98B1BEA0000007A /* gopass */,
				A98B082EA98B1BEA0000007B /* Products */,
			);
            sourceTree = "<group>";
        };
		A98B082EA98B1BEA00000076 /* libest */ = {
            isa = PBXGroup;
            children = (
				A98B082EA98B1BEA00000068 /* bit.h */,
				A98B082EA98B1BEA00000069 /* est.h */,
				A98B082EA98B1BEA0000006A /* bitos.h */,
				A98B082EA98B1BEA00000015 /* estLib.c */,
			);
            name = "libest";
            path = ..;
            sourceTree = SOURCE_ROOT;
        };
		A98B082EA98B1BEA00000077 /* libgo */ = {
            isa = PBXGroup;
            children = (
				A98B082EA98B1BEA00000068 /* bit.h */,
				A98B082EA98B1BEA0000006B /* goahead.h */,
				A98B082EA98B1BEA0000006A /* bitos.h */,
				A98B082EA98B1BEA0000006C /* js.h */,
				A98B082EA98B1BEA00000069 /* est.h */,
				A98B082EA98B1BEA00000017 /* action.c */,
				A98B082EA98B1BEA00000019 /* alloc.c */,
				A98B082EA98B1BEA0000001B /* auth.c */,
				A98B082EA98B1BEA0000001D /* cgi.c */,
				A98B082EA98B1BEA0000001F /* crypt.c */,
				A98B082EA98B1BEA00000021 /* file.c */,
				A98B082EA98B1BEA00000023 /* fs.c */,
				A98B082EA98B1BEA00000025 /* http.c */,
				A98B082EA98B1BEA00000027 /* js.c */,
				A98B082EA98B1BEA00000029 /* jst.c */,
				A98B082EA98B1BEA0000002B /* options.c */,
				A98B082EA98B1BEA0000002D /* osdep.c */,
				A98B082EA98B1BEA0000002F /* rom-documents.c */,
				A98B082EA98B1BEA00000031 /* route.c */,
				A98B082EA98B1BEA00000033 /* runtime.c */,
				A98B082EA98B1BEA00000035 /* socket.c */,
				A98B082EA98B1BEA00000037 /* upload.c */,
				A98B082EA98B1BEA00000039 /* est.c */,
				A98B082EA98B1BEA0000003B /* matrixssl.c */,
				A98B082EA98B1BEA0000003D /* nanossl.c */,
				A98B082EA98B1BEA0000003F /* openssl.c */,
			);
            name = "libgo";
            path = ..;
            sourceTree = SOURCE_ROOT;
        };
		A98B082EA98B1BEA00000078 /* goahead */ = {
            isa = PBXGroup;
            children = (
				A98B082EA98B1BEA00000068 /* bit.h */,
				A98B082EA98B1BEA0000006B /* goahead.h */,
				A98B082EA98B1BEA0000006A /* bitos.h */,
				A98B082EA98B1BEA00000041 /* goahead.c */,
			);
            name = "goahead";
            path = ..;
            sourceTree = SOURCE_ROOT;
        };
		A98B082EA98B1BEA00000079 /* goahead-test */ = {
            isa = PBXGroup;
            children = (
				A98B082EA98B1BEA00000068 /* bit.h */,
				A98B082EA98B1BEA0000006B /* goahead.h */,
				A98B082EA98B1BEA0000006C /* js.h */,
				A98B082EA98B1BEA0000006A /* bitos.h */,
				A98B082EA98B1BEA00000043 /* test.c */,
			);
            name = "goahead-test";
            path = ..;
            sourceTree = SOURCE_ROOT;
        };
		A98B082EA98B1BEA0000007A /* gopass */ = {
            isa = PBXGroup;
            children = (
				A98B082EA98B1BEA00000068 /* bit.h */,
				A98B082EA98B1BEA0000006B /* goahead.h */,
				A98B082EA98B1BEA0000006A /* bitos.h */,
				A98B082EA98B1BEA00000045 /* gopass.c */,
			);
            name = "gopass";
            path = ..;
            sourceTree = SOURCE_ROOT;
        };
		A98B082EA98B1BEA0000007B /* Products */ = {
            isa = PBXGroup;
            children = (
				A98B082EA98B1BEA00000047 /* libest */,
				A98B082EA98B1BEA00000049 /* libgo */,
				A98B082EA98B1BEA0000006D /* goahead */,
				A98B082EA98B1BEA0000006E /* goahead-test */,
				A98B082EA98B1BEA0000006F /* gopass */,
			);
            name = "Products";
            path = ..;
            sourceTree = SOURCE_ROOT;
        };
/* End PBXGroup section */

/* Begin PBXNativeTarget section */
		A98B082EA98B1BEA00000053 /* libest */ = {
			isa = PBXNativeTarget;
			buildConfigurationList = A98B082EA98B1BEA0000007D /* Build configuration list for PBXNativeTarget "libest" */;
			buildPhases = (
				A98B082EA98B1BEA0000007C /* Sources */,
				A98B082EA98B1BEA00000070 /* Frameworks */,
			);
			buildRules = (
			);
			dependencies = (
				A98B082EA98B1BEA0000007E /* Prep */,				
			);
			name = libest;
			productName = goahead;
			productReference = A98B082EA98B1BEA00000047 /* libest */;
			productType = "com.apple.product-type.library.dynamic";
		};
		A98B082EA98B1BEA00000057 /* libgo */ = {
			isa = PBXNativeTarget;
			buildConfigurationList = A98B082EA98B1BEA00000080 /* Build configuration list for PBXNativeTarget "libgo" */;
			buildPhases = (
				A98B082EA98B1BEA0000007F /* Sources */,
				A98B082EA98B1BEA00000071 /* Frameworks */,
			);
			buildRules = (
			);
			dependencies = (
				A98B082EA98B1BEA00000081 /* Prep */,
				A98B082EA98B1BEA00000082 /* libest */,				
			);
			name = libgo;
			productName = goahead;
			productReference = A98B082EA98B1BEA00000049 /* libgo */;
			productType = "com.apple.product-type.library.dynamic";
		};
		A98B082EA98B1BEA00000063 /* goahead */ = {
			isa = PBXNativeTarget;
			buildConfigurationList = A98B082EA98B1BEA00000084 /* Build configuration list for PBXNativeTarget "goahead" */;
			buildPhases = (
				A98B082EA98B1BEA00000083 /* Sources */,
				A98B082EA98B1BEA00000072 /* Frameworks */,
			);
			buildRules = (
			);
			dependencies = (
				A98B082EA98B1BEA00000085 /* Prep */,
				A98B082EA98B1BEA00000086 /* libest */,
				A98B082EA98B1BEA00000087 /* libgo */,				
			);
			name = goahead;
			productName = goahead;
			productReference = A98B082EA98B1BEA0000006D /* goahead */;
			productType = "com.apple.product-type.tool";
		};
		A98B082EA98B1BEA00000065 /* goahead-test */ = {
			isa = PBXNativeTarget;
			buildConfigurationList = A98B082EA98B1BEA00000089 /* Build configuration list for PBXNativeTarget "goahead-test" */;
			buildPhases = (
				A98B082EA98B1BEA00000088 /* Sources */,
				A98B082EA98B1BEA00000073 /* Frameworks */,
			);
			buildRules = (
			);
			dependencies = (
				A98B082EA98B1BEA0000008A /* Prep */,
				A98B082EA98B1BEA0000008B /* libest */,
				A98B082EA98B1BEA0000008C /* libgo */,				
			);
			name = goahead-test;
			productName = goahead;
			productReference = A98B082EA98B1BEA0000006E /* goahead-test */;
			productType = "com.apple.product-type.tool";
		};
		A98B082EA98B1BEA00000067 /* gopass */ = {
			isa = PBXNativeTarget;
			buildConfigurationList = A98B082EA98B1BEA0000008E /* Build configuration list for PBXNativeTarget "gopass" */;
			buildPhases = (
				A98B082EA98B1BEA0000008D /* Sources */,
				A98B082EA98B1BEA00000074 /* Frameworks */,
			);
			buildRules = (
			);
			dependencies = (
				A98B082EA98B1BEA0000008F /* Prep */,
				A98B082EA98B1BEA00000090 /* libest */,
				A98B082EA98B1BEA00000091 /* libgo */,				
			);
			name = gopass;
			productName = goahead;
			productReference = A98B082EA98B1BEA0000006F /* gopass */;
			productType = "com.apple.product-type.tool";
		};
/* End PBXNativeTarget section */

/* Begin PBXShellScriptBuildPhase section */
		A98B082EA98B1BEA00000007 /* ShellScript for ca-crt */ = {
			isa = PBXShellScriptBuildPhase;
			buildActionMask = 2147483647;
			files = (
			);
			inputPaths = (
../src/deps/est/ca.crt
			);
			outputPaths = (
../macosx-x64-default/bin/ca.crt
			);
			runOnlyForDeploymentPostprocessing = 0;
			shellPath = /bin/bash;
			shellScript = "PATH=$PATH:/usr/local/bin
cd ../src/deps/est
rm -rf ../../${OUT_DIR}/bin/ca.crt
cp -r ca.crt ../../${OUT_DIR}/bin/ca.crt
";
		};
		A98B082EA98B1BEA00000013 /* ShellScript for Prep */ = {
			isa = PBXShellScriptBuildPhase;
			buildActionMask = 2147483647;
			files = (
			);
			inputPaths = (

			);
			outputPaths = (

			);
			runOnlyForDeploymentPostprocessing = 0;
			shellPath = /bin/bash;
			shellScript = "PATH=$PATH:/usr/local/bin
[ ! -x ${INC_DIR} ] && mkdir -p ${INC_DIR} ${OBJ_DIR} ${LIB_DIR} ${BIN_DIR}
[ ! -f ${INC_DIR}/bit.h ] && cp goahead-macosx-default-bit.h ${INC_DIR}/bit.h
[ ! -f ${INC_DIR}/bitos.h ] && cp ${SRC_DIR}/src/bitos.h ${INC_DIR}/bitos.h
if ! diff ${INC_DIR}/bit.h goahead-macosx-default-bit.h >/dev/null ; then
cp goahead-macosx-default-bit.h ${INC_DIR}/bit.h
fi
if [ ../src/deps/est/est.h -nt ${OUT_DIR}/inc/est.h ] ; then
cp ../src/deps/est/est.h ${OUT_DIR}/inc/est.h
fi
if [ ../src/bitos.h -nt ${OUT_DIR}/inc/bitos.h ] ; then
cp ../src/bitos.h ${OUT_DIR}/inc/bitos.h
fi
if [ ../src/goahead.h -nt ${OUT_DIR}/inc/goahead.h ] ; then
cp ../src/goahead.h ${OUT_DIR}/inc/goahead.h
fi
if [ ../src/js.h -nt ${OUT_DIR}/inc/js.h ] ; then
cp ../src/js.h ${OUT_DIR}/inc/js.h
fi
if [ ../src/bitos.h -nt ${OUT_DIR}/inc/bitos.h ] ; then
cp ../src/bitos.h ${OUT_DIR}/inc/bitos.h
fi
if [ ../src/goahead.h -nt ${OUT_DIR}/inc/goahead.h ] ; then
cp ../src/goahead.h ${OUT_DIR}/inc/goahead.h
fi
if [ ../src/js.h -nt ${OUT_DIR}/inc/js.h ] ; then
cp ../src/js.h ${OUT_DIR}/inc/js.h
fi
if [ ../src/bitos.h -nt ${OUT_DIR}/inc/bitos.h ] ; then
cp ../src/bitos.h ${OUT_DIR}/inc/bitos.h
fi
if [ ../src/goahead.h -nt ${OUT_DIR}/inc/goahead.h ] ; then
cp ../src/goahead.h ${OUT_DIR}/inc/goahead.h
fi
if [ ../src/js.h -nt ${OUT_DIR}/inc/js.h ] ; then
cp ../src/js.h ${OUT_DIR}/inc/js.h
fi
if [ ../src/bitos.h -nt ${OUT_DIR}/inc/bitos.h ] ; then
cp ../src/bitos.h ${OUT_DIR}/inc/bitos.h
fi
if [ ../src/goahead.h -nt ${OUT_DIR}/inc/goahead.h ] ; then
cp ../src/goahead.h ${OUT_DIR}/inc/goahead.h
fi
if [ ../src/js.h -nt ${OUT_DIR}/inc/js.h ] ; then
cp ../src/js.h ${OUT_DIR}/inc/js.h
fi";
		};
/* End PBXShellScriptBuildPhase section */

/* Begin PBXProject section */
		A98B082EA98B1BEA00000001 /* Project object */ = {
			isa = PBXProject;
			attributes = {
				LastUpgradeCheck = 0430;
				ORGANIZATIONNAME = "Embedthis";
			};
			buildConfigurationList = A98B082EA98B1BEA00000002 /* Build configuration list for PBXProject "goahead" */;
			compatibilityVersion = "Xcode 3.2";
			developmentRegion = English;
			hasScannedForEncodings = 0;
			knownRegions = (
				en,
			);
			mainGroup = A98B082EA98B1BEA00000075;
			productRefGroup = A98B082EA98B1BEA0000007B /* Products */;
			projectDirPath = "";
			projectRoot = "";
			targets = (
				A98B082EA98B1BEA0000000A /* All */,
				A98B082EA98B1BEA00000012 /* Prep */,
				A98B082EA98B1BEA00000053 /* libest */,
				A98B082EA98B1BEA00000057 /* libgo */,
				A98B082EA98B1BEA00000063 /* goahead */,
				A98B082EA98B1BEA00000065 /* goahead-test */,
				A98B082EA98B1BEA00000067 /* gopass */,
				A98B082EA98B1BEA00000006 /* ca-crt */,
			);
		};
/* End PBXProject section */

/* Begin PBXSourcesBuildPhase section */
		A98B082EA98B1BEA0000007C /* libest Sources */ = {
			isa = PBXSourcesBuildPhase;
			buildActionMask = 2147483647;
			files = (
				A98B082EA98B1BEA00000014 /* estLib.c in Sources */,
			);
			runOnlyForDeploymentPostprocessing = 0;
		};
		A98B082EA98B1BEA0000007F /* libgo Sources */ = {
			isa = PBXSourcesBuildPhase;
			buildActionMask = 2147483647;
			files = (
				A98B082EA98B1BEA00000016 /* action.c in Sources */,
				A98B082EA98B1BEA00000018 /* alloc.c in Sources */,
				A98B082EA98B1BEA0000001A /* auth.c in Sources */,
				A98B082EA98B1BEA0000001C /* cgi.c in Sources */,
				A98B082EA98B1BEA0000001E /* crypt.c in Sources */,
				A98B082EA98B1BEA00000020 /* file.c in Sources */,
				A98B082EA98B1BEA00000022 /* fs.c in Sources */,
				A98B082EA98B1BEA00000024 /* http.c in Sources */,
				A98B082EA98B1BEA00000026 /* js.c in Sources */,
				A98B082EA98B1BEA00000028 /* jst.c in Sources */,
				A98B082EA98B1BEA0000002A /* options.c in Sources */,
				A98B082EA98B1BEA0000002C /* osdep.c in Sources */,
				A98B082EA98B1BEA0000002E /* rom-documents.c in Sources */,
				A98B082EA98B1BEA00000030 /* route.c in Sources */,
				A98B082EA98B1BEA00000032 /* runtime.c in Sources */,
				A98B082EA98B1BEA00000034 /* socket.c in Sources */,
				A98B082EA98B1BEA00000036 /* upload.c in Sources */,
				A98B082EA98B1BEA00000038 /* est.c in Sources */,
				A98B082EA98B1BEA0000003A /* matrixssl.c in Sources */,
				A98B082EA98B1BEA0000003C /* nanossl.c in Sources */,
				A98B082EA98B1BEA0000003E /* openssl.c in Sources */,
			);
			runOnlyForDeploymentPostprocessing = 0;
		};
		A98B082EA98B1BEA00000083 /* goahead Sources */ = {
			isa = PBXSourcesBuildPhase;
			buildActionMask = 2147483647;
			files = (
				A98B082EA98B1BEA00000040 /* goahead.c in Sources */,
			);
			runOnlyForDeploymentPostprocessing = 0;
		};
		A98B082EA98B1BEA00000088 /* goahead-test Sources */ = {
			isa = PBXSourcesBuildPhase;
			buildActionMask = 2147483647;
			files = (
				A98B082EA98B1BEA00000042 /* test.c in Sources */,
			);
			runOnlyForDeploymentPostprocessing = 0;
		};
		A98B082EA98B1BEA0000008D /* gopass Sources */ = {
			isa = PBXSourcesBuildPhase;
			buildActionMask = 2147483647;
			files = (
				A98B082EA98B1BEA00000044 /* gopass.c in Sources */,
			);
			runOnlyForDeploymentPostprocessing = 0;
		};
/* End PBXSourcesBuildPhase section */

/* Begin PBXTargetDependency section */
		A98B082EA98B1BEA0000007E /* PBXTargetDependency libest depends on Prep */ = {
			isa = PBXTargetDependency;
			target = A98B082EA98B1BEA00000012 /* Prep */;
			targetProxy = A98B082EA98B1BEA0000004F /* PBXContainerItemProxy */;
		};
		A98B082EA98B1BEA00000008 /* PBXTargetDependency ca-crt depends on Prep */ = {
			isa = PBXTargetDependency;
			target = A98B082EA98B1BEA00000012 /* Prep */;
			targetProxy = A98B082EA98B1BEA00000050 /* PBXContainerItemProxy */;
		};
		A98B082EA98B1BEA00000081 /* PBXTargetDependency libgo depends on Prep */ = {
			isa = PBXTargetDependency;
			target = A98B082EA98B1BEA00000012 /* Prep */;
			targetProxy = A98B082EA98B1BEA00000051 /* PBXContainerItemProxy */;
		};
		A98B082EA98B1BEA00000082 /* PBXTargetDependency libgo depends on libest */ = {
			isa = PBXTargetDependency;
			target = A98B082EA98B1BEA00000053 /* libest */;
			targetProxy = A98B082EA98B1BEA00000052 /* PBXContainerItemProxy */;
		};
		A98B082EA98B1BEA00000085 /* PBXTargetDependency goahead depends on Prep */ = {
			isa = PBXTargetDependency;
			target = A98B082EA98B1BEA00000012 /* Prep */;
			targetProxy = A98B082EA98B1BEA00000054 /* PBXContainerItemProxy */;
		};
		A98B082EA98B1BEA00000086 /* PBXTargetDependency goahead depends on libest */ = {
			isa = PBXTargetDependency;
			target = A98B082EA98B1BEA00000053 /* libest */;
			targetProxy = A98B082EA98B1BEA00000055 /* PBXContainerItemProxy */;
		};
		A98B082EA98B1BEA00000087 /* PBXTargetDependency goahead depends on libgo */ = {
			isa = PBXTargetDependency;
			target = A98B082EA98B1BEA00000057 /* libgo */;
			targetProxy = A98B082EA98B1BEA00000056 /* PBXContainerItemProxy */;
		};
		A98B082EA98B1BEA0000008A /* PBXTargetDependency goahead-test depends on Prep */ = {
			isa = PBXTargetDependency;
			target = A98B082EA98B1BEA00000012 /* Prep */;
			targetProxy = A98B082EA98B1BEA00000058 /* PBXContainerItemProxy */;
		};
		A98B082EA98B1BEA0000008B /* PBXTargetDependency goahead-test depends on libest */ = {
			isa = PBXTargetDependency;
			target = A98B082EA98B1BEA00000053 /* libest */;
			targetProxy = A98B082EA98B1BEA00000059 /* PBXContainerItemProxy */;
		};
		A98B082EA98B1BEA0000008C /* PBXTargetDependency goahead-test depends on libgo */ = {
			isa = PBXTargetDependency;
			target = A98B082EA98B1BEA00000057 /* libgo */;
			targetProxy = A98B082EA98B1BEA0000005A /* PBXContainerItemProxy */;
		};
		A98B082EA98B1BEA0000008F /* PBXTargetDependency gopass depends on Prep */ = {
			isa = PBXTargetDependency;
			target = A98B082EA98B1BEA00000012 /* Prep */;
			targetProxy = A98B082EA98B1BEA0000005B /* PBXContainerItemProxy */;
		};
		A98B082EA98B1BEA00000090 /* PBXTargetDependency gopass depends on libest */ = {
			isa = PBXTargetDependency;
			target = A98B082EA98B1BEA00000053 /* libest */;
			targetProxy = A98B082EA98B1BEA0000005C /* PBXContainerItemProxy */;
		};
		A98B082EA98B1BEA00000091 /* PBXTargetDependency gopass depends on libgo */ = {
			isa = PBXTargetDependency;
			target = A98B082EA98B1BEA00000057 /* libgo */;
			targetProxy = A98B082EA98B1BEA0000005D /* PBXContainerItemProxy */;
		};
		A98B082EA98B1BEA00000092 /* PBXTargetDependency All depends on Prep */ = {
			isa = PBXTargetDependency;
			target = A98B082EA98B1BEA00000012 /* Prep */;
			targetProxy = A98B082EA98B1BEA0000005E /* PBXContainerItemProxy */;
		};
		A98B082EA98B1BEA0000000B /* PBXTargetDependency All depends on libest */ = {
			isa = PBXTargetDependency;
			target = A98B082EA98B1BEA00000053 /* libest */;
			targetProxy = A98B082EA98B1BEA0000005F /* PBXContainerItemProxy */;
		};
		A98B082EA98B1BEA0000000C /* PBXTargetDependency All depends on ca-crt */ = {
			isa = PBXTargetDependency;
			target = A98B082EA98B1BEA00000006 /* ca-crt */;
			targetProxy = A98B082EA98B1BEA00000060 /* PBXContainerItemProxy */;
		};
		A98B082EA98B1BEA0000000D /* PBXTargetDependency All depends on libgo */ = {
			isa = PBXTargetDependency;
			target = A98B082EA98B1BEA00000057 /* libgo */;
			targetProxy = A98B082EA98B1BEA00000061 /* PBXContainerItemProxy */;
		};
		A98B082EA98B1BEA0000000E /* PBXTargetDependency All depends on goahead */ = {
			isa = PBXTargetDependency;
			target = A98B082EA98B1BEA00000063 /* goahead */;
			targetProxy = A98B082EA98B1BEA00000062 /* PBXContainerItemProxy */;
		};
		A98B082EA98B1BEA0000000F /* PBXTargetDependency All depends on goahead-test */ = {
			isa = PBXTargetDependency;
			target = A98B082EA98B1BEA00000065 /* goahead-test */;
			targetProxy = A98B082EA98B1BEA00000064 /* PBXContainerItemProxy */;
		};
		A98B082EA98B1BEA00000010 /* PBXTargetDependency All depends on gopass */ = {
			isa = PBXTargetDependency;
			target = A98B082EA98B1BEA00000067 /* gopass */;
			targetProxy = A98B082EA98B1BEA00000066 /* PBXContainerItemProxy */;
		};
/* End PBXTargetDependency section */

/* Begin XCBuildConfiguration section */
		A98B082EA98B1BEA00000003 /* Debug */ = {
			isa = XCBuildConfiguration;
			buildSettings = {

                /* Common Settings */
				ALWAYS_SEARCH_USER_PATHS = NO;
				ARCHS = "$(ARCHS_STANDARD_64_BIT)";
                CURRENT_PROJECT_VERSION = 3.1.3;
                DYLIB_COMPATIBILITY_VERSION = "$(CURRENT_PROJECT_VERSION)";
                DYLIB_CURRENT_VERSION = "$(CURRENT_PROJECT_VERSION)";
				GCC_C_LANGUAGE_STANDARD = gnu99;
				GCC_VERSION = com.apple.compilers.llvm.clang.1_0;
				GCC_WARN_ABOUT_RETURN_TYPE = YES;
                LD_DYLIB_INSTALL_NAME = "@rpath/$(EXECUTABLE_PATH)";
				MACOSX_DEPLOYMENT_TARGET = 10.7;
				SDKROOT = macosx;

                OUT_DIR = "../macosx-x64-default";
                BIN_DIR = "../macosx-x64-default/bin";
                LIB_DIR = "../macosx-x64-default/bin";
                INC_DIR = "../macosx-x64-default/inc";
                OBJ_DIR = "../macosx-x64-default/obj";
                SRC_DIR = "..";

                CONFIGURATION_TEMP_DIR = "$(OBJ_DIR)/tmp/$(CONFIGURATION)";
                CONFIGURATION_BUILD_DIR = "$(BIN_DIR)";
                INSTALL_PATH = "/usr/lib/goahead";
                DSTROOT = "/tmp/goahead.dst";
                OBJROOT = "$(OBJ_DIR)";
                SYMROOT = "$(BIN_DIR)";
				GCC_WARN_64_TO_32_BIT_CONVERSION = YES;
				GCC_WARN_64_TO_32_BIT_CONVERSION = YES;
				GCC_WARN_UNUSED_VARIABLE = NO;
				GCC_WARN_UNUSED_FUNCTION = NO;
				GCC_WARN_UNUSED_LABEL = NO;
				GCC_WARN_64_TO_32_BIT_CONVERSION = YES;
				GCC_WARN_64_TO_32_BIT_CONVERSION = YES;
				GCC_WARN_UNUSED_VARIABLE = NO;
				GCC_WARN_UNUSED_FUNCTION = NO;
				GCC_WARN_UNUSED_LABEL = NO;

                /* Debug Settings */
				COPY_PHASE_STRIP = NO;
				GCC_OPTIMIZATION_LEVEL = 0;
				GCC_SYMBOLS_PRIVATE_EXTERN = NO;
				HEADER_SEARCH_PATHS = (
					"../macosx-x64-default/inc",
					"$(inherited)"
				);
				GCC_PREPROCESSOR_DEFINITIONS = (
					"BIT_DEBUG",
					"$(inherited)"
				);
				LIBRARY_SEARCH_PATHS = (
					"../macosx-x64-default/bin",
					"$(inherited)"
				);
				OTHER_LDFLAGS = (
					"-Wl,-rpath,@executable_path/",
					"-Wl,-rpath,@loader_path/",
					"-ldl",
					"-lpthread",
					"-lm",
					"$(inherited)"
				);

			};
			name = Debug;
		};
		A98B082EA98B1BEA00000004 /* Release */ = {
			isa = XCBuildConfiguration;
			buildSettings = {

                /* Common Settings */
				ALWAYS_SEARCH_USER_PATHS = NO;
				ARCHS = "$(ARCHS_STANDARD_64_BIT)";
                CURRENT_PROJECT_VERSION = 3.1.3;
                DYLIB_COMPATIBILITY_VERSION = "$(CURRENT_PROJECT_VERSION)";
                DYLIB_CURRENT_VERSION = "$(CURRENT_PROJECT_VERSION)";
				GCC_C_LANGUAGE_STANDARD = gnu99;
				GCC_VERSION = com.apple.compilers.llvm.clang.1_0;
				GCC_WARN_ABOUT_RETURN_TYPE = YES;
                LD_DYLIB_INSTALL_NAME = "@rpath/$(EXECUTABLE_PATH)";
				MACOSX_DEPLOYMENT_TARGET = 10.7;
				SDKROOT = macosx;

                OUT_DIR = "../macosx-x64-default";
                BIN_DIR = "../macosx-x64-default/bin";
                LIB_DIR = "../macosx-x64-default/bin";
                INC_DIR = "../macosx-x64-default/inc";
                OBJ_DIR = "../macosx-x64-default/obj";
                SRC_DIR = "..";

                CONFIGURATION_TEMP_DIR = "$(OBJ_DIR)/tmp/$(CONFIGURATION)";
                CONFIGURATION_BUILD_DIR = "$(BIN_DIR)";
                INSTALL_PATH = "/usr/lib/goahead";
                DSTROOT = "/tmp/goahead.dst";
                OBJROOT = "$(OBJ_DIR)";
                SYMROOT = "$(BIN_DIR)";
				GCC_WARN_64_TO_32_BIT_CONVERSION = YES;
				GCC_WARN_64_TO_32_BIT_CONVERSION = YES;
				GCC_WARN_UNUSED_VARIABLE = NO;
				GCC_WARN_UNUSED_FUNCTION = NO;
				GCC_WARN_UNUSED_LABEL = NO;
				GCC_WARN_64_TO_32_BIT_CONVERSION = YES;
				GCC_WARN_64_TO_32_BIT_CONVERSION = YES;
				GCC_WARN_UNUSED_VARIABLE = NO;
				GCC_WARN_UNUSED_FUNCTION = NO;
				GCC_WARN_UNUSED_LABEL = NO;

                /* Release Settings */
				COPY_PHASE_STRIP = YES;
				DEBUG_INFORMATION_FORMAT = "dwarf-with-dsym";
				GCC_OPTIMIZATION_LEVEL = s;
                GCC_WARN_UNINITIALIZED_AUTOS = NO;
				HEADER_SEARCH_PATHS = (
					"../macosx-x64-default/inc",
					"$(inherited)"
				);

				LIBRARY_SEARCH_PATHS = (
					"../macosx-x64-default/bin",
					"$(inherited)"
				);
				OTHER_LDFLAGS = (
					"-Wl,-rpath,@executable_path/",
					"-Wl,-rpath,@loader_path/",
					"-ldl",
					"-lpthread",
					"-lm",
					"$(inherited)"
				);

			};
			name = Release;
		};
		A98B082EA98B1BEA00000093 /* Debug */ = {
			isa = XCBuildConfiguration;
			buildSettings = {
				PRODUCT_NAME = libest;

				GCC_PREPROCESSOR_DEFINITIONS = (
					"BIT_DEBUG",
					"$(inherited)"
				);
			};
			name = Debug;
		};
		A98B082EA98B1BEA00000094 /* Release */ = {
			isa = XCBuildConfiguration;
			buildSettings = {
				PRODUCT_NAME = libest;


			};
			name = Release;
		};
		A98B082EA98B1BEA00000095 /* Debug */ = {
			isa = XCBuildConfiguration;
			buildSettings = {
				PRODUCT_NAME = ca-crt;

				GCC_PREPROCESSOR_DEFINITIONS = (
					"BIT_DEBUG",
					"$(inherited)"
				);
			};
			name = Debug;
		};
		A98B082EA98B1BEA00000096 /* Release */ = {
			isa = XCBuildConfiguration;
			buildSettings = {
				PRODUCT_NAME = ca-crt;


			};
			name = Release;
		};
		A98B082EA98B1BEA00000097 /* Debug */ = {
			isa = XCBuildConfiguration;
			buildSettings = {
				PRODUCT_NAME = libgo;

				GCC_PREPROCESSOR_DEFINITIONS = (
					"BIT_DEBUG",
					"$(inherited)"
				);
			};
			name = Debug;
		};
		A98B082EA98B1BEA00000098 /* Release */ = {
			isa = XCBuildConfiguration;
			buildSettings = {
				PRODUCT_NAME = libgo;


			};
			name = Release;
		};
		A98B082EA98B1BEA00000099 /* Debug */ = {
			isa = XCBuildConfiguration;
			buildSettings = {
				PRODUCT_NAME = goahead;

				GCC_PREPROCESSOR_DEFINITIONS = (
					"BIT_DEBUG",
					"$(inherited)"
				);
				OTHER_LDFLAGS = (
					"-lpam",
					"$(inherited)"
				);

			};
			name = Debug;
		};
		A98B082EA98B1BEA0000009A /* Release */ = {
			isa = XCBuildConfiguration;
			buildSettings = {
				PRODUCT_NAME = goahead;

				OTHER_LDFLAGS = (
					"-lpam",
					"$(inherited)"
				);

			};
			name = Release;
		};
		A98B082EA98B1BEA0000009B /* Debug */ = {
			isa = XCBuildConfiguration;
			buildSettings = {
				PRODUCT_NAME = goahead-test;

				GCC_PREPROCESSOR_DEFINITIONS = (
					"BIT_DEBUG",
					"$(inherited)"
				);
				OTHER_LDFLAGS = (
					"-lpam",
					"$(inherited)"
				);

			};
			name = Debug;
		};
		A98B082EA98B1BEA0000009C /* Release */ = {
			isa = XCBuildConfiguration;
			buildSettings = {
				PRODUCT_NAME = goahead-test;

				OTHER_LDFLAGS = (
					"-lpam",
					"$(inherited)"
				);

			};
			name = Release;
		};
		A98B082EA98B1BEA0000009D /* Debug */ = {
			isa = XCBuildConfiguration;
			buildSettings = {
				PRODUCT_NAME = gopass;

				GCC_PREPROCESSOR_DEFINITIONS = (
					"BIT_DEBUG",
					"$(inherited)"
				);
			};
			name = Debug;
		};
		A98B082EA98B1BEA0000009E /* Release */ = {
			isa = XCBuildConfiguration;
			buildSettings = {
				PRODUCT_NAME = gopass;


			};
			name = Release;
		};
		A98B082EA98B1BEA0000009F /* Debug */ = {
			isa = XCBuildConfiguration;
			buildSettings = {
				PRODUCT_NAME = All;

				GCC_PREPROCESSOR_DEFINITIONS = (
					"BIT_DEBUG",
					"$(inherited)"
				);
			};
			name = Debug;
		};
		A98B082EA98B1BEA000000A0 /* Release */ = {
			isa = XCBuildConfiguration;
			buildSettings = {
				PRODUCT_NAME = All;


			};
			name = Release;
		};
		A98B082EA98B1BEA000000A1 /* Debug */ = {
			isa = XCBuildConfiguration;
			buildSettings = {
				PRODUCT_NAME = Prep;

				GCC_PREPROCESSOR_DEFINITIONS = (
					"BIT_DEBUG",
					"$(inherited)"
				);
			};
			name = Debug;
		};
		A98B082EA98B1BEA000000A2 /* Release */ = {
			isa = XCBuildConfiguration;
			buildSettings = {
				PRODUCT_NAME = Prep;


			};
			name = Release;
		};
/* End XCBuildConfiguration section */

/* Begin XCConfigurationList section */
		A98B082EA98B1BEA00000002 /* Build configuration list for PBXProject "goahead" */ = {
			isa = XCConfigurationList;
			buildConfigurations = (
				A98B082EA98B1BEA00000003 /* Debug */,
				A98B082EA98B1BEA00000004 /* Release */,
			);
			defaultConfigurationIsVisible = 0;
			defaultConfigurationName = Release;
		};
		A98B082EA98B1BEA0000007D /* Build configuration list for PBXNativeTarget "libest" */ = {
			isa = XCConfigurationList;
			buildConfigurations = (
				A98B082EA98B1BEA00000093 /* Debug */,
				A98B082EA98B1BEA00000094 /* Release */,
			);
			defaultConfigurationIsVisible = 0;
			defaultConfigurationName = Release;
		};
		A98B082EA98B1BEA00000005 /* Build configuration list for PBXNativeTarget "ca-crt" */ = {
			isa = XCConfigurationList;
			buildConfigurations = (
				A98B082EA98B1BEA00000095 /* Debug */,
				A98B082EA98B1BEA00000096 /* Release */,
			);
			defaultConfigurationIsVisible = 0;
			defaultConfigurationName = Release;
		};
		A98B082EA98B1BEA00000080 /* Build configuration list for PBXNativeTarget "libgo" */ = {
			isa = XCConfigurationList;
			buildConfigurations = (
				A98B082EA98B1BEA00000097 /* Debug */,
				A98B082EA98B1BEA00000098 /* Release */,
			);
			defaultConfigurationIsVisible = 0;
			defaultConfigurationName = Release;
		};
		A98B082EA98B1BEA00000084 /* Build configuration list for PBXNativeTarget "goahead" */ = {
			isa = XCConfigurationList;
			buildConfigurations = (
				A98B082EA98B1BEA00000099 /* Debug */,
				A98B082EA98B1BEA0000009A /* Release */,
			);
			defaultConfigurationIsVisible = 0;
			defaultConfigurationName = Release;
		};
		A98B082EA98B1BEA00000089 /* Build configuration list for PBXNativeTarget "goahead-test" */ = {
			isa = XCConfigurationList;
			buildConfigurations = (
				A98B082EA98B1BEA0000009B /* Debug */,
				A98B082EA98B1BEA0000009C /* Release */,
			);
			defaultConfigurationIsVisible = 0;
			defaultConfigurationName = Release;
		};
		A98B082EA98B1BEA0000008E /* Build configuration list for PBXNativeTarget "gopass" */ = {
			isa = XCConfigurationList;
			buildConfigurations = (
				A98B082EA98B1BEA0000009D /* Debug */,
				A98B082EA98B1BEA0000009E /* Release */,
			);
			defaultConfigurationIsVisible = 0;
			defaultConfigurationName = Release;
		};
		A98B082EA98B1BEA00000009 /* Build configuration list for PBXNativeTarget "All" */ = {
			isa = XCConfigurationList;
			buildConfigurations = (
				A98B082EA98B1BEA0000009F /* Debug */,
				A98B082EA98B1BEA000000A0 /* Release */,
			);
			defaultConfigurationIsVisible = 0;
			defaultConfigurationName = Release;
		};
		A98B082EA98B1BEA00000011 /* Build configuration list for PBXNativeTarget "Prep" */ = {
			isa = XCConfigurationList;
			buildConfigurations = (
				A98B082EA98B1BEA000000A1 /* Debug */,
				A98B082EA98B1BEA000000A2 /* Release */,
			);
			defaultConfigurationIsVisible = 0;
			defaultConfigurationName = Release;
		};
/* End XCConfigurationList section */
	};
	rootObject = A98B082EA98B1BEA00000001 /* Project object */;
}
