// !$*UTF8*$!
{
        archiveVersion = 1;
        classes = {
        };
        objectVersion = 46;
        objects = {

/* Begin PBXAggregateTarget section */
		49E1EFF649E20A2C00000006 /* All */ = {
    			isa = PBXAggregateTarget;
    			buildConfigurationList = 49E1EFF649E20A2C00000005 /* Build configuration list for PBXAggregateTarget "All" */;
    			buildPhases = (
    				
    			);
    			dependencies = (
				49E1EFF649E20A2C00000007 /* PBXTargetDependency goahead */,
				49E1EFF649E20A2C00000008 /* PBXTargetDependency goahead-test */,
				49E1EFF649E20A2C00000009 /* PBXTargetDependency gopass */,
				49E1EFF649E20A2C0000000A /* PBXTargetDependency libgo */,
				49E1EFF649E20A2C0000000B /* PBXTargetDependency openssl */,
				49E1EFF649E20A2C0000000C /* PBXTargetDependency All */,
				49E1EFF649E20A2C0000000D /* PBXTargetDependency Prep */,
			);
    			name = All;
    			productName = All;
    		};
		49E1EFF649E20A2C0000000F /* Prep */ = {
    			isa = PBXAggregateTarget;
    			buildConfigurationList = 49E1EFF649E20A2C0000000E /* Build configuration list for PBXAggregateTarget "Prep" */;
    			buildPhases = (
    				49E1EFF649E20A2C00000010,
    			);
    			dependencies = (
			);
    			name = Prep;
    			productName = Prep;
    		};
/* End PBXAggregateTarget section */

/* Begin PBXBuildFile section */
		49E1EFF649E20A2C00000011 /* goahead.c in Sources */ = {isa = PBXBuildFile; fileRef = 49E1EFF649E20A2C00000012 /* goahead.c */; };
		49E1EFF649E20A2C00000013 /* test.c in Sources */ = {isa = PBXBuildFile; fileRef = 49E1EFF649E20A2C00000014 /* test.c */; };
		49E1EFF649E20A2C00000015 /* gopass.c in Sources */ = {isa = PBXBuildFile; fileRef = 49E1EFF649E20A2C00000016 /* gopass.c */; };
		49E1EFF649E20A2C00000017 /* action.c in Sources */ = {isa = PBXBuildFile; fileRef = 49E1EFF649E20A2C00000018 /* action.c */; };
		49E1EFF649E20A2C00000019 /* alloc.c in Sources */ = {isa = PBXBuildFile; fileRef = 49E1EFF649E20A2C0000001A /* alloc.c */; };
		49E1EFF649E20A2C0000001B /* auth.c in Sources */ = {isa = PBXBuildFile; fileRef = 49E1EFF649E20A2C0000001C /* auth.c */; };
		49E1EFF649E20A2C0000001D /* cgi.c in Sources */ = {isa = PBXBuildFile; fileRef = 49E1EFF649E20A2C0000001E /* cgi.c */; };
		49E1EFF649E20A2C0000001F /* crypt.c in Sources */ = {isa = PBXBuildFile; fileRef = 49E1EFF649E20A2C00000020 /* crypt.c */; };
		49E1EFF649E20A2C00000021 /* file.c in Sources */ = {isa = PBXBuildFile; fileRef = 49E1EFF649E20A2C00000022 /* file.c */; };
		49E1EFF649E20A2C00000023 /* fs.c in Sources */ = {isa = PBXBuildFile; fileRef = 49E1EFF649E20A2C00000024 /* fs.c */; };
		49E1EFF649E20A2C00000025 /* http.c in Sources */ = {isa = PBXBuildFile; fileRef = 49E1EFF649E20A2C00000026 /* http.c */; };
		49E1EFF649E20A2C00000027 /* js.c in Sources */ = {isa = PBXBuildFile; fileRef = 49E1EFF649E20A2C00000028 /* js.c */; };
		49E1EFF649E20A2C00000029 /* jst.c in Sources */ = {isa = PBXBuildFile; fileRef = 49E1EFF649E20A2C0000002A /* jst.c */; };
		49E1EFF649E20A2C0000002B /* options.c in Sources */ = {isa = PBXBuildFile; fileRef = 49E1EFF649E20A2C0000002C /* options.c */; };
		49E1EFF649E20A2C0000002D /* osdep.c in Sources */ = {isa = PBXBuildFile; fileRef = 49E1EFF649E20A2C0000002E /* osdep.c */; };
		49E1EFF649E20A2C0000002F /* rom-documents.c in Sources */ = {isa = PBXBuildFile; fileRef = 49E1EFF649E20A2C00000030 /* rom-documents.c */; };
		49E1EFF649E20A2C00000031 /* route.c in Sources */ = {isa = PBXBuildFile; fileRef = 49E1EFF649E20A2C00000032 /* route.c */; };
		49E1EFF649E20A2C00000033 /* runtime.c in Sources */ = {isa = PBXBuildFile; fileRef = 49E1EFF649E20A2C00000034 /* runtime.c */; };
		49E1EFF649E20A2C00000035 /* socket.c in Sources */ = {isa = PBXBuildFile; fileRef = 49E1EFF649E20A2C00000036 /* socket.c */; };
		49E1EFF649E20A2C00000037 /* upload.c in Sources */ = {isa = PBXBuildFile; fileRef = 49E1EFF649E20A2C00000038 /* upload.c */; };
		49E1EFF649E20A2C00000039 /* openssl.c in Sources */ = {isa = PBXBuildFile; fileRef = 49E1EFF649E20A2C0000003A /* openssl.c */; };
		49E1EFF649E20A2C0000003B /* libgo.a for goahead */ = {isa = PBXBuildFile; fileRef = 49E1EFF649E20A2C0000003C; };
		49E1EFF649E20A2C0000003D /* libgo.a for goahead-test */ = {isa = PBXBuildFile; fileRef = 49E1EFF649E20A2C0000003C; };
		49E1EFF649E20A2C0000003E /* libgo.a for gopass */ = {isa = PBXBuildFile; fileRef = 49E1EFF649E20A2C0000003C; };
/* End PBXBuildFile section */

/* Begin PBXContainerItemProxy section */
		49E1EFF649E20A2C0000003F /* PBXContainerItemProxy Prep from goahead */ = {
    			isa = PBXContainerItemProxy;
    			containerPortal = 49E1EFF649E20A2C00000001 /* Project object */;
    			proxyType = 1;
    			remoteGlobalIDString = 49E1EFF649E20A2C0000000F;
    			remoteInfo = Prep;
    		};
		49E1EFF649E20A2C00000040 /* PBXContainerItemProxy openssl from goahead */ = {
    			isa = PBXContainerItemProxy;
    			containerPortal = 49E1EFF649E20A2C00000001 /* Project object */;
    			proxyType = 1;
    			remoteGlobalIDString = 49E1EFF649E20A2C00000041;
    			remoteInfo = openssl;
    		};
		49E1EFF649E20A2C00000042 /* PBXContainerItemProxy libgo from goahead */ = {
    			isa = PBXContainerItemProxy;
    			containerPortal = 49E1EFF649E20A2C00000001 /* Project object */;
    			proxyType = 1;
    			remoteGlobalIDString = 49E1EFF649E20A2C00000043;
    			remoteInfo = libgo;
    		};
		49E1EFF649E20A2C00000044 /* PBXContainerItemProxy Prep from goahead-test */ = {
    			isa = PBXContainerItemProxy;
    			containerPortal = 49E1EFF649E20A2C00000001 /* Project object */;
    			proxyType = 1;
    			remoteGlobalIDString = 49E1EFF649E20A2C0000000F;
    			remoteInfo = Prep;
    		};
		49E1EFF649E20A2C00000045 /* PBXContainerItemProxy openssl from goahead-test */ = {
    			isa = PBXContainerItemProxy;
    			containerPortal = 49E1EFF649E20A2C00000001 /* Project object */;
    			proxyType = 1;
    			remoteGlobalIDString = 49E1EFF649E20A2C00000041;
    			remoteInfo = openssl;
    		};
		49E1EFF649E20A2C00000046 /* PBXContainerItemProxy libgo from goahead-test */ = {
    			isa = PBXContainerItemProxy;
    			containerPortal = 49E1EFF649E20A2C00000001 /* Project object */;
    			proxyType = 1;
    			remoteGlobalIDString = 49E1EFF649E20A2C00000043;
    			remoteInfo = libgo;
    		};
		49E1EFF649E20A2C00000047 /* PBXContainerItemProxy Prep from gopass */ = {
    			isa = PBXContainerItemProxy;
    			containerPortal = 49E1EFF649E20A2C00000001 /* Project object */;
    			proxyType = 1;
    			remoteGlobalIDString = 49E1EFF649E20A2C0000000F;
    			remoteInfo = Prep;
    		};
		49E1EFF649E20A2C00000048 /* PBXContainerItemProxy openssl from gopass */ = {
    			isa = PBXContainerItemProxy;
    			containerPortal = 49E1EFF649E20A2C00000001 /* Project object */;
    			proxyType = 1;
    			remoteGlobalIDString = 49E1EFF649E20A2C00000041;
    			remoteInfo = openssl;
    		};
		49E1EFF649E20A2C00000049 /* PBXContainerItemProxy libgo from gopass */ = {
    			isa = PBXContainerItemProxy;
    			containerPortal = 49E1EFF649E20A2C00000001 /* Project object */;
    			proxyType = 1;
    			remoteGlobalIDString = 49E1EFF649E20A2C00000043;
    			remoteInfo = libgo;
    		};
		49E1EFF649E20A2C0000004A /* PBXContainerItemProxy Prep from libgo */ = {
    			isa = PBXContainerItemProxy;
    			containerPortal = 49E1EFF649E20A2C00000001 /* Project object */;
    			proxyType = 1;
    			remoteGlobalIDString = 49E1EFF649E20A2C0000000F;
    			remoteInfo = Prep;
    		};
		49E1EFF649E20A2C0000004B /* PBXContainerItemProxy openssl from libgo */ = {
    			isa = PBXContainerItemProxy;
    			containerPortal = 49E1EFF649E20A2C00000001 /* Project object */;
    			proxyType = 1;
    			remoteGlobalIDString = 49E1EFF649E20A2C00000041;
    			remoteInfo = openssl;
    		};
		49E1EFF649E20A2C0000004C /* PBXContainerItemProxy Prep from openssl */ = {
    			isa = PBXContainerItemProxy;
    			containerPortal = 49E1EFF649E20A2C00000001 /* Project object */;
    			proxyType = 1;
    			remoteGlobalIDString = 49E1EFF649E20A2C0000000F;
    			remoteInfo = Prep;
    		};
		49E1EFF649E20A2C0000004D /* PBXContainerItemProxy Prep from All */ = {
    			isa = PBXContainerItemProxy;
    			containerPortal = 49E1EFF649E20A2C00000001 /* Project object */;
    			proxyType = 1;
    			remoteGlobalIDString = 49E1EFF649E20A2C0000000F;
    			remoteInfo = Prep;
    		};
		49E1EFF649E20A2C0000004E /* PBXContainerItemProxy openssl from All */ = {
    			isa = PBXContainerItemProxy;
    			containerPortal = 49E1EFF649E20A2C00000001 /* Project object */;
    			proxyType = 1;
    			remoteGlobalIDString = 49E1EFF649E20A2C00000041;
    			remoteInfo = openssl;
    		};
		49E1EFF649E20A2C0000004F /* PBXContainerItemProxy libgo from All */ = {
    			isa = PBXContainerItemProxy;
    			containerPortal = 49E1EFF649E20A2C00000001 /* Project object */;
    			proxyType = 1;
    			remoteGlobalIDString = 49E1EFF649E20A2C00000043;
    			remoteInfo = libgo;
    		};
		49E1EFF649E20A2C00000050 /* PBXContainerItemProxy goahead from All */ = {
    			isa = PBXContainerItemProxy;
    			containerPortal = 49E1EFF649E20A2C00000001 /* Project object */;
    			proxyType = 1;
    			remoteGlobalIDString = 49E1EFF649E20A2C00000051;
    			remoteInfo = goahead;
    		};
		49E1EFF649E20A2C00000052 /* PBXContainerItemProxy goahead-test from All */ = {
    			isa = PBXContainerItemProxy;
    			containerPortal = 49E1EFF649E20A2C00000001 /* Project object */;
    			proxyType = 1;
    			remoteGlobalIDString = 49E1EFF649E20A2C00000053;
    			remoteInfo = goahead-test;
    		};
		49E1EFF649E20A2C00000054 /* PBXContainerItemProxy gopass from All */ = {
    			isa = PBXContainerItemProxy;
    			containerPortal = 49E1EFF649E20A2C00000001 /* Project object */;
    			proxyType = 1;
    			remoteGlobalIDString = 49E1EFF649E20A2C00000055;
    			remoteInfo = gopass;
    		};
/* End PBXContainerItemProxy section */

/* Begin PBXFileReference section */
		49E1EFF649E20A2C00000012 /* goahead.c */ = {isa = PBXFileReference; fileEncoding = 4; lastKnownFileType = sourcecode.c.c; name = goahead.c; path = src/goahead.c; sourceTree = "<group>"; };
		49E1EFF649E20A2C00000056 /* goahead.h */ = {isa = PBXFileReference; fileEncoding = 4; lastKnownFileType = sourcecode.c.h; name = goahead.h; path = build/macosx-x64-static/inc/goahead.h; sourceTree = "<group>"; };
		49E1EFF649E20A2C00000057 /* goahead */ = {isa = PBXFileReference; explicitFileType = "compiled.mach-o.executable"; includeInIndex = 0; path = goahead; sourceTree = BUILT_PRODUCTS_DIR; };
		49E1EFF649E20A2C00000014 /* test.c */ = {isa = PBXFileReference; fileEncoding = 4; lastKnownFileType = sourcecode.c.c; name = test.c; path = test/test.c; sourceTree = "<group>"; };
		49E1EFF649E20A2C00000058 /* js.h */ = {isa = PBXFileReference; fileEncoding = 4; lastKnownFileType = sourcecode.c.h; name = js.h; path = build/macosx-x64-static/inc/js.h; sourceTree = "<group>"; };
		49E1EFF649E20A2C00000059 /* goahead-test */ = {isa = PBXFileReference; explicitFileType = "compiled.mach-o.executable"; includeInIndex = 0; path = goahead-test; sourceTree = BUILT_PRODUCTS_DIR; };
		49E1EFF649E20A2C00000016 /* gopass.c */ = {isa = PBXFileReference; fileEncoding = 4; lastKnownFileType = sourcecode.c.c; name = gopass.c; path = src/utils/gopass.c; sourceTree = "<group>"; };
		49E1EFF649E20A2C0000005A /* gopass */ = {isa = PBXFileReference; explicitFileType = "compiled.mach-o.executable"; includeInIndex = 0; path = gopass; sourceTree = BUILT_PRODUCTS_DIR; };
		49E1EFF649E20A2C00000018 /* action.c */ = {isa = PBXFileReference; fileEncoding = 4; lastKnownFileType = sourcecode.c.c; name = action.c; path = src/action.c; sourceTree = "<group>"; };
		49E1EFF649E20A2C0000001A /* alloc.c */ = {isa = PBXFileReference; fileEncoding = 4; lastKnownFileType = sourcecode.c.c; name = alloc.c; path = src/alloc.c; sourceTree = "<group>"; };
		49E1EFF649E20A2C0000001C /* auth.c */ = {isa = PBXFileReference; fileEncoding = 4; lastKnownFileType = sourcecode.c.c; name = auth.c; path = src/auth.c; sourceTree = "<group>"; };
		49E1EFF649E20A2C0000001E /* cgi.c */ = {isa = PBXFileReference; fileEncoding = 4; lastKnownFileType = sourcecode.c.c; name = cgi.c; path = src/cgi.c; sourceTree = "<group>"; };
		49E1EFF649E20A2C00000020 /* crypt.c */ = {isa = PBXFileReference; fileEncoding = 4; lastKnownFileType = sourcecode.c.c; name = crypt.c; path = src/crypt.c; sourceTree = "<group>"; };
		49E1EFF649E20A2C00000022 /* file.c */ = {isa = PBXFileReference; fileEncoding = 4; lastKnownFileType = sourcecode.c.c; name = file.c; path = src/file.c; sourceTree = "<group>"; };
		49E1EFF649E20A2C00000024 /* fs.c */ = {isa = PBXFileReference; fileEncoding = 4; lastKnownFileType = sourcecode.c.c; name = fs.c; path = src/fs.c; sourceTree = "<group>"; };
		49E1EFF649E20A2C00000026 /* http.c */ = {isa = PBXFileReference; fileEncoding = 4; lastKnownFileType = sourcecode.c.c; name = http.c; path = src/http.c; sourceTree = "<group>"; };
		49E1EFF649E20A2C00000028 /* js.c */ = {isa = PBXFileReference; fileEncoding = 4; lastKnownFileType = sourcecode.c.c; name = js.c; path = src/js.c; sourceTree = "<group>"; };
		49E1EFF649E20A2C0000002A /* jst.c */ = {isa = PBXFileReference; fileEncoding = 4; lastKnownFileType = sourcecode.c.c; name = jst.c; path = src/jst.c; sourceTree = "<group>"; };
		49E1EFF649E20A2C0000002C /* options.c */ = {isa = PBXFileReference; fileEncoding = 4; lastKnownFileType = sourcecode.c.c; name = options.c; path = src/options.c; sourceTree = "<group>"; };
		49E1EFF649E20A2C0000002E /* osdep.c */ = {isa = PBXFileReference; fileEncoding = 4; lastKnownFileType = sourcecode.c.c; name = osdep.c; path = src/osdep.c; sourceTree = "<group>"; };
		49E1EFF649E20A2C00000030 /* rom-documents.c */ = {isa = PBXFileReference; fileEncoding = 4; lastKnownFileType = sourcecode.c.c; name = rom-documents.c; path = src/rom-documents.c; sourceTree = "<group>"; };
		49E1EFF649E20A2C00000032 /* route.c */ = {isa = PBXFileReference; fileEncoding = 4; lastKnownFileType = sourcecode.c.c; name = route.c; path = src/route.c; sourceTree = "<group>"; };
		49E1EFF649E20A2C00000034 /* runtime.c */ = {isa = PBXFileReference; fileEncoding = 4; lastKnownFileType = sourcecode.c.c; name = runtime.c; path = src/runtime.c; sourceTree = "<group>"; };
		49E1EFF649E20A2C00000036 /* socket.c */ = {isa = PBXFileReference; fileEncoding = 4; lastKnownFileType = sourcecode.c.c; name = socket.c; path = src/socket.c; sourceTree = "<group>"; };
		49E1EFF649E20A2C00000038 /* upload.c */ = {isa = PBXFileReference; fileEncoding = 4; lastKnownFileType = sourcecode.c.c; name = upload.c; path = src/upload.c; sourceTree = "<group>"; };
		49E1EFF649E20A2C0000003C /* libgo */ = {isa = PBXFileReference; explicitFileType = "compiled.mach-o.dylib"; includeInIndex = 0; path = libgo.a; sourceTree = BUILT_PRODUCTS_DIR; };
		49E1EFF649E20A2C0000003A /* openssl.c */ = {isa = PBXFileReference; fileEncoding = 4; lastKnownFileType = sourcecode.c.c; name = openssl.c; path = src/goahead-openssl/openssl.c; sourceTree = "<group>"; };
		49E1EFF649E20A2C0000005B /* openssl */ = {isa = PBXFileReference; explicitFileType = "compiled.mach-o.dylib"; includeInIndex = 0; path = libopenssl.a; sourceTree = BUILT_PRODUCTS_DIR; };
/* End PBXFileReference section */

/* Begin PBXFrameworksBuildPhase section */
		49E1EFF649E20A2C0000005C /* Frameworks and Libraries for goahead */ = {
                isa = PBXFrameworksBuildPhase;
                buildActionMask = 2147483647;
                files = (
    				49E1EFF649E20A2C0000003B /* libgo */,				
                );
                runOnlyForDeploymentPostprocessing = 0;
            };
		49E1EFF649E20A2C0000005D /* Frameworks and Libraries for goahead-test */ = {
                isa = PBXFrameworksBuildPhase;
                buildActionMask = 2147483647;
                files = (
    				49E1EFF649E20A2C0000003D /* libgo */,				
                );
                runOnlyForDeploymentPostprocessing = 0;
            };
		49E1EFF649E20A2C0000005E /* Frameworks and Libraries for gopass */ = {
                isa = PBXFrameworksBuildPhase;
                buildActionMask = 2147483647;
                files = (
    				49E1EFF649E20A2C0000003E /* libgo */,				
                );
                runOnlyForDeploymentPostprocessing = 0;
            };
		49E1EFF649E20A2C0000005F /* Frameworks and Libraries for libgo */ = {
                isa = PBXFrameworksBuildPhase;
                buildActionMask = 2147483647;
                files = (
    				
                );
                runOnlyForDeploymentPostprocessing = 0;
            };
		49E1EFF649E20A2C00000060 /* Frameworks and Libraries for openssl */ = {
                isa = PBXFrameworksBuildPhase;
                buildActionMask = 2147483647;
                files = (
    				
                );
                runOnlyForDeploymentPostprocessing = 0;
            };
/* End PBXFrameworksBuildPhase section */

/* Begin PBXGroup section */
		49E1EFF649E20A2C00000061 /* Top Group */ = {
                isa = PBXGroup;
                children = (
				49E1EFF649E20A2C00000062 /* libgo */,
				49E1EFF649E20A2C00000063 /* openssl */,
				49E1EFF649E20A2C00000064 /* goahead */,
				49E1EFF649E20A2C00000065 /* goahead-test */,
				49E1EFF649E20A2C00000066 /* gopass */,
				49E1EFF649E20A2C00000067 /* Products */,
			);
                sourceTree = "<group>";
            };
		49E1EFF649E20A2C00000064 /* goahead */ = {
                isa = PBXGroup;
                children = (
				49E1EFF649E20A2C00000012 /* goahead.c */,
			);
                name = "goahead";
                path = ..;
                sourceTree = SOURCE_ROOT;
            };
		49E1EFF649E20A2C00000065 /* goahead-test */ = {
                isa = PBXGroup;
                children = (
				49E1EFF649E20A2C00000014 /* test.c */,
			);
                name = "goahead-test";
                path = ..;
                sourceTree = SOURCE_ROOT;
            };
		49E1EFF649E20A2C00000066 /* gopass */ = {
                isa = PBXGroup;
                children = (
				49E1EFF649E20A2C00000016 /* gopass.c */,
			);
                name = "gopass";
                path = ..;
                sourceTree = SOURCE_ROOT;
            };
		49E1EFF649E20A2C00000062 /* libgo */ = {
                isa = PBXGroup;
                children = (
				49E1EFF649E20A2C00000018 /* action.c */,
				49E1EFF649E20A2C0000001A /* alloc.c */,
				49E1EFF649E20A2C0000001C /* auth.c */,
				49E1EFF649E20A2C0000001E /* cgi.c */,
				49E1EFF649E20A2C00000020 /* crypt.c */,
				49E1EFF649E20A2C00000022 /* file.c */,
				49E1EFF649E20A2C00000024 /* fs.c */,
				49E1EFF649E20A2C00000026 /* http.c */,
				49E1EFF649E20A2C00000028 /* js.c */,
				49E1EFF649E20A2C0000002A /* jst.c */,
				49E1EFF649E20A2C0000002C /* options.c */,
				49E1EFF649E20A2C0000002E /* osdep.c */,
				49E1EFF649E20A2C00000030 /* rom-documents.c */,
				49E1EFF649E20A2C00000032 /* route.c */,
				49E1EFF649E20A2C00000034 /* runtime.c */,
				49E1EFF649E20A2C00000036 /* socket.c */,
				49E1EFF649E20A2C00000038 /* upload.c */,
			);
                name = "libgo";
                path = ..;
                sourceTree = SOURCE_ROOT;
            };
		49E1EFF649E20A2C00000063 /* openssl */ = {
                isa = PBXGroup;
                children = (
				49E1EFF649E20A2C0000003A /* openssl.c */,
			);
                name = "openssl";
                path = ..;
                sourceTree = SOURCE_ROOT;
            };
		49E1EFF649E20A2C00000067 /* Products */ = {
                isa = PBXGroup;
                children = (
				49E1EFF649E20A2C00000057 /* goahead */,
				49E1EFF649E20A2C00000059 /* goahead-test */,
				49E1EFF649E20A2C0000005A /* gopass */,
				49E1EFF649E20A2C0000003C /* libgo */,
				49E1EFF649E20A2C0000005B /* openssl */,
			);
                name = "Products";
                path = ..;
                sourceTree = SOURCE_ROOT;
            };
/* End PBXGroup section */

/* Begin PBXNativeTarget section */
		49E1EFF649E20A2C00000051 /* goahead */ = {
    			isa = PBXNativeTarget;
    			buildConfigurationList = 49E1EFF649E20A2C00000069 /* Build configuration list for PBXNativeTarget "goahead" */;
    			buildPhases = (
    				49E1EFF649E20A2C00000068 /* Sources */,
    				49E1EFF649E20A2C0000005C /* Frameworks */,
    			);
    			buildRules = (
    			);
    			dependencies = (
    				49E1EFF649E20A2C0000006A /* Prep */,
				49E1EFF649E20A2C0000006B /* openssl */,
				49E1EFF649E20A2C0000006C /* libgo */,				
    			);
    			name = goahead;
    			productName = goahead;
    			productReference = 49E1EFF649E20A2C00000057 /* goahead */;
    			productType = "com.apple.product-type.tool";
    		};
		49E1EFF649E20A2C00000053 /* goahead-test */ = {
    			isa = PBXNativeTarget;
    			buildConfigurationList = 49E1EFF649E20A2C0000006E /* Build configuration list for PBXNativeTarget "goahead-test" */;
    			buildPhases = (
    				49E1EFF649E20A2C0000006D /* Sources */,
    				49E1EFF649E20A2C0000005D /* Frameworks */,
    			);
    			buildRules = (
    			);
    			dependencies = (
    				49E1EFF649E20A2C0000006F /* Prep */,
				49E1EFF649E20A2C00000070 /* openssl */,
				49E1EFF649E20A2C00000071 /* libgo */,				
    			);
    			name = goahead-test;
    			productName = goahead;
    			productReference = 49E1EFF649E20A2C00000059 /* goahead-test */;
    			productType = "com.apple.product-type.tool";
    		};
		49E1EFF649E20A2C00000055 /* gopass */ = {
    			isa = PBXNativeTarget;
    			buildConfigurationList = 49E1EFF649E20A2C00000073 /* Build configuration list for PBXNativeTarget "gopass" */;
    			buildPhases = (
    				49E1EFF649E20A2C00000072 /* Sources */,
    				49E1EFF649E20A2C0000005E /* Frameworks */,
    			);
    			buildRules = (
    			);
    			dependencies = (
    				49E1EFF649E20A2C00000074 /* Prep */,
				49E1EFF649E20A2C00000075 /* openssl */,
				49E1EFF649E20A2C00000076 /* libgo */,				
    			);
    			name = gopass;
    			productName = goahead;
    			productReference = 49E1EFF649E20A2C0000005A /* gopass */;
    			productType = "com.apple.product-type.tool";
    		};
		49E1EFF649E20A2C00000043 /* libgo */ = {
    			isa = PBXNativeTarget;
    			buildConfigurationList = 49E1EFF649E20A2C00000078 /* Build configuration list for PBXNativeTarget "libgo" */;
    			buildPhases = (
    				49E1EFF649E20A2C00000077 /* Sources */,
    				49E1EFF649E20A2C0000005F /* Frameworks */,
    			);
    			buildRules = (
    			);
    			dependencies = (
    				49E1EFF649E20A2C00000079 /* Prep */,
				49E1EFF649E20A2C0000007A /* openssl */,				
    			);
    			name = libgo;
    			productName = goahead;
    			productReference = 49E1EFF649E20A2C0000003C /* libgo */;
    			productType = "com.apple.product-type.library.dynamic";
    		};
		49E1EFF649E20A2C00000041 /* openssl */ = {
    			isa = PBXNativeTarget;
    			buildConfigurationList = 49E1EFF649E20A2C0000007C /* Build configuration list for PBXNativeTarget "openssl" */;
    			buildPhases = (
    				49E1EFF649E20A2C0000007B /* Sources */,
    				49E1EFF649E20A2C00000060 /* Frameworks */,
    			);
    			buildRules = (
    			);
    			dependencies = (
    				49E1EFF649E20A2C0000007D /* Prep */,				
    			);
    			name = openssl;
    			productName = goahead;
    			productReference = 49E1EFF649E20A2C0000005B /* openssl */;
    			productType = "com.apple.product-type.library.dynamic";
    		};
/* End PBXNativeTarget section */

/* Begin PBXShellScriptBuildPhase section */
		49E1EFF649E20A2C00000010 /* ShellScript for Prep */ = {
    			isa = PBXShellScriptBuildPhase;
    			buildActionMask = 2147483647;
    			files = (
    			);
    			inputPaths = (
    
    			);
    			outputPaths = (
    
    			);
    			runOnlyForDeploymentPostprocessing = 0;
    			shellPath = /bin/bash;
    			shellScript = "PATH=$PATH:/usr/local/bin
[ ! -x ${INC_DIR} ] && mkdir -p ${INC_DIR} ${OBJ_DIR} ${LIB_DIR} ${BIN_DIR}
[ ! -f ${INC_DIR}/me.h -a -f goahead-macosx-static-me.h ] && cp goahead-macosx-static-me.h ${INC_DIR}/me.h
if [ -f goahead-macosx-static-me.h ] ; then
if ! diff ${INC_DIR}/me.h goahead-macosx-static-me.h >/dev/null 2>&1 ; then
cp goahead-macosx-static-me.h ${INC_DIR}/me.h
fi
fi
if [ ../src/goahead.h -nt ${OUT_DIR}/inc/goahead.h ] ; then
cp ../src/goahead.h ${OUT_DIR}/inc/goahead.h
fi
if [ ../src/js.h -nt ${OUT_DIR}/inc/js.h ] ; then
cp ../src/js.h ${OUT_DIR}/inc/js.h
fi
if [ ../src/osdep/osdep.h -nt ${OUT_DIR}/inc/osdep.h ] ; then
cp ../src/osdep/osdep.h ${OUT_DIR}/inc/osdep.h
fi
if [ ../src/goahead.h -nt ${OUT_DIR}/inc/goahead.h ] ; then
cp ../src/goahead.h ${OUT_DIR}/inc/goahead.h
fi
if [ ../src/js.h -nt ${OUT_DIR}/inc/js.h ] ; then
cp ../src/js.h ${OUT_DIR}/inc/js.h
fi
if [ ../src/goahead.h -nt ${OUT_DIR}/inc/goahead.h ] ; then
cp ../src/goahead.h ${OUT_DIR}/inc/goahead.h
fi
if [ ../src/js.h -nt ${OUT_DIR}/inc/js.h ] ; then
cp ../src/js.h ${OUT_DIR}/inc/js.h
fi
if [ ../src/goahead.h -nt ${OUT_DIR}/inc/goahead.h ] ; then
cp ../src/goahead.h ${OUT_DIR}/inc/goahead.h
fi
if [ ../src/js.h -nt ${OUT_DIR}/inc/js.h ] ; then
cp ../src/js.h ${OUT_DIR}/inc/js.h
fi
if [ ../src/goahead.h -nt ${OUT_DIR}/inc/goahead.h ] ; then
cp ../src/goahead.h ${OUT_DIR}/inc/goahead.h
fi
if [ ../src/js.h -nt ${OUT_DIR}/inc/js.h ] ; then
cp ../src/js.h ${OUT_DIR}/inc/js.h
fi
if [ ../src/goahead.h -nt ${OUT_DIR}/inc/goahead.h ] ; then
cp ../src/goahead.h ${OUT_DIR}/inc/goahead.h
fi
if [ ../src/js.h -nt ${OUT_DIR}/inc/js.h ] ; then
cp ../src/js.h ${OUT_DIR}/inc/js.h
fi";
    		};
/* End PBXShellScriptBuildPhase section */

    /* Begin PBXProject section */
    		49E1EFF649E20A2C00000001 /* Project object */ = {
    			isa = PBXProject;
    			attributes = {
    				LastUpgradeCheck = 0430;
    				ORGANIZATIONNAME = "embedthis";
    			};
    			buildConfigurationList = 49E1EFF649E20A2C00000002 /* Build configuration list for PBXProject "goahead" */;
    			compatibilityVersion = "Xcode 3.2";
    			developmentRegion = English;
    			hasScannedForEncodings = 0;
    			knownRegions = (
    				en,
    			);
    			mainGroup = 49E1EFF649E20A2C00000061;
    			productRefGroup = 49E1EFF649E20A2C00000067 /* Products */;
    			projectDirPath = "";
    			projectRoot = "";
    			targets = (
				49E1EFF649E20A2C00000006 /* All */,
				49E1EFF649E20A2C0000000F /* Prep */,
				49E1EFF649E20A2C00000043 /* libgo */,
				49E1EFF649E20A2C00000041 /* openssl */,
				49E1EFF649E20A2C00000051 /* goahead */,
				49E1EFF649E20A2C00000053 /* goahead-test */,
				49E1EFF649E20A2C00000055 /* gopass */,
			);
    		};
    /* End PBXProject section */

/* Begin PBXSourcesBuildPhase section */
		49E1EFF649E20A2C00000068 /* goahead Sources */ = {
    			isa = PBXSourcesBuildPhase;
    			buildActionMask = 2147483647;
    			files = (
    				49E1EFF649E20A2C00000011 /* goahead.c in Sources */,
    			);
    			runOnlyForDeploymentPostprocessing = 0;
    		};
		49E1EFF649E20A2C0000006D /* goahead-test Sources */ = {
    			isa = PBXSourcesBuildPhase;
    			buildActionMask = 2147483647;
    			files = (
    				49E1EFF649E20A2C00000013 /* test.c in Sources */,
    			);
    			runOnlyForDeploymentPostprocessing = 0;
    		};
		49E1EFF649E20A2C00000072 /* gopass Sources */ = {
    			isa = PBXSourcesBuildPhase;
    			buildActionMask = 2147483647;
    			files = (
    				49E1EFF649E20A2C00000015 /* gopass.c in Sources */,
    			);
    			runOnlyForDeploymentPostprocessing = 0;
    		};
		49E1EFF649E20A2C00000077 /* libgo Sources */ = {
    			isa = PBXSourcesBuildPhase;
    			buildActionMask = 2147483647;
    			files = (
    				49E1EFF649E20A2C00000017 /* action.c in Sources */,
				49E1EFF649E20A2C00000019 /* alloc.c in Sources */,
				49E1EFF649E20A2C0000001B /* auth.c in Sources */,
				49E1EFF649E20A2C0000001D /* cgi.c in Sources */,
				49E1EFF649E20A2C0000001F /* crypt.c in Sources */,
				49E1EFF649E20A2C00000021 /* file.c in Sources */,
				49E1EFF649E20A2C00000023 /* fs.c in Sources */,
				49E1EFF649E20A2C00000025 /* http.c in Sources */,
				49E1EFF649E20A2C00000027 /* js.c in Sources */,
				49E1EFF649E20A2C00000029 /* jst.c in Sources */,
				49E1EFF649E20A2C0000002B /* options.c in Sources */,
				49E1EFF649E20A2C0000002D /* osdep.c in Sources */,
				49E1EFF649E20A2C0000002F /* rom-documents.c in Sources */,
				49E1EFF649E20A2C00000031 /* route.c in Sources */,
				49E1EFF649E20A2C00000033 /* runtime.c in Sources */,
				49E1EFF649E20A2C00000035 /* socket.c in Sources */,
				49E1EFF649E20A2C00000037 /* upload.c in Sources */,
    			);
    			runOnlyForDeploymentPostprocessing = 0;
    		};
		49E1EFF649E20A2C0000007B /* openssl Sources */ = {
    			isa = PBXSourcesBuildPhase;
    			buildActionMask = 2147483647;
    			files = (
    				49E1EFF649E20A2C00000039 /* openssl.c in Sources */,
    			);
    			runOnlyForDeploymentPostprocessing = 0;
    		};
/* End PBXSourcesBuildPhase section */

/* Begin PBXTargetDependency section */
		49E1EFF649E20A2C0000006A /* PBXTargetDependency goahead depends on Prep */ = {
    			isa = PBXTargetDependency;
    			target = 49E1EFF649E20A2C0000000F /* Prep */;
    			targetProxy = 49E1EFF649E20A2C0000003F /* PBXContainerItemProxy */;
    		};
		49E1EFF649E20A2C0000006B /* PBXTargetDependency goahead depends on openssl */ = {
    			isa = PBXTargetDependency;
    			target = 49E1EFF649E20A2C00000041 /* openssl */;
    			targetProxy = 49E1EFF649E20A2C00000040 /* PBXContainerItemProxy */;
    		};
		49E1EFF649E20A2C0000006C /* PBXTargetDependency goahead depends on libgo */ = {
    			isa = PBXTargetDependency;
    			target = 49E1EFF649E20A2C00000043 /* libgo */;
    			targetProxy = 49E1EFF649E20A2C00000042 /* PBXContainerItemProxy */;
    		};
		49E1EFF649E20A2C0000006F /* PBXTargetDependency goahead-test depends on Prep */ = {
    			isa = PBXTargetDependency;
    			target = 49E1EFF649E20A2C0000000F /* Prep */;
    			targetProxy = 49E1EFF649E20A2C00000044 /* PBXContainerItemProxy */;
    		};
		49E1EFF649E20A2C00000070 /* PBXTargetDependency goahead-test depends on openssl */ = {
    			isa = PBXTargetDependency;
    			target = 49E1EFF649E20A2C00000041 /* openssl */;
    			targetProxy = 49E1EFF649E20A2C00000045 /* PBXContainerItemProxy */;
    		};
		49E1EFF649E20A2C00000071 /* PBXTargetDependency goahead-test depends on libgo */ = {
    			isa = PBXTargetDependency;
    			target = 49E1EFF649E20A2C00000043 /* libgo */;
    			targetProxy = 49E1EFF649E20A2C00000046 /* PBXContainerItemProxy */;
    		};
		49E1EFF649E20A2C00000074 /* PBXTargetDependency gopass depends on Prep */ = {
    			isa = PBXTargetDependency;
    			target = 49E1EFF649E20A2C0000000F /* Prep */;
    			targetProxy = 49E1EFF649E20A2C00000047 /* PBXContainerItemProxy */;
    		};
		49E1EFF649E20A2C00000075 /* PBXTargetDependency gopass depends on openssl */ = {
    			isa = PBXTargetDependency;
    			target = 49E1EFF649E20A2C00000041 /* openssl */;
    			targetProxy = 49E1EFF649E20A2C00000048 /* PBXContainerItemProxy */;
    		};
		49E1EFF649E20A2C00000076 /* PBXTargetDependency gopass depends on libgo */ = {
    			isa = PBXTargetDependency;
    			target = 49E1EFF649E20A2C00000043 /* libgo */;
    			targetProxy = 49E1EFF649E20A2C00000049 /* PBXContainerItemProxy */;
    		};
		49E1EFF649E20A2C00000079 /* PBXTargetDependency libgo depends on Prep */ = {
    			isa = PBXTargetDependency;
    			target = 49E1EFF649E20A2C0000000F /* Prep */;
    			targetProxy = 49E1EFF649E20A2C0000004A /* PBXContainerItemProxy */;
    		};
		49E1EFF649E20A2C0000007A /* PBXTargetDependency libgo depends on openssl */ = {
    			isa = PBXTargetDependency;
    			target = 49E1EFF649E20A2C00000041 /* openssl */;
    			targetProxy = 49E1EFF649E20A2C0000004B /* PBXContainerItemProxy */;
    		};
		49E1EFF649E20A2C0000007D /* PBXTargetDependency openssl depends on Prep */ = {
    			isa = PBXTargetDependency;
    			target = 49E1EFF649E20A2C0000000F /* Prep */;
    			targetProxy = 49E1EFF649E20A2C0000004C /* PBXContainerItemProxy */;
    		};
		49E1EFF649E20A2C0000000D /* PBXTargetDependency All depends on Prep */ = {
    			isa = PBXTargetDependency;
    			target = 49E1EFF649E20A2C0000000F /* Prep */;
    			targetProxy = 49E1EFF649E20A2C0000004D /* PBXContainerItemProxy */;
    		};
		49E1EFF649E20A2C0000000B /* PBXTargetDependency All depends on openssl */ = {
    			isa = PBXTargetDependency;
    			target = 49E1EFF649E20A2C00000041 /* openssl */;
    			targetProxy = 49E1EFF649E20A2C0000004E /* PBXContainerItemProxy */;
    		};
		49E1EFF649E20A2C0000000A /* PBXTargetDependency All depends on libgo */ = {
    			isa = PBXTargetDependency;
    			target = 49E1EFF649E20A2C00000043 /* libgo */;
    			targetProxy = 49E1EFF649E20A2C0000004F /* PBXContainerItemProxy */;
    		};
		49E1EFF649E20A2C00000007 /* PBXTargetDependency All depends on goahead */ = {
    			isa = PBXTargetDependency;
    			target = 49E1EFF649E20A2C00000051 /* goahead */;
    			targetProxy = 49E1EFF649E20A2C00000050 /* PBXContainerItemProxy */;
    		};
		49E1EFF649E20A2C00000008 /* PBXTargetDependency All depends on goahead-test */ = {
    			isa = PBXTargetDependency;
    			target = 49E1EFF649E20A2C00000053 /* goahead-test */;
    			targetProxy = 49E1EFF649E20A2C00000052 /* PBXContainerItemProxy */;
    		};
		49E1EFF649E20A2C00000009 /* PBXTargetDependency All depends on gopass */ = {
    			isa = PBXTargetDependency;
    			target = 49E1EFF649E20A2C00000055 /* gopass */;
    			targetProxy = 49E1EFF649E20A2C00000054 /* PBXContainerItemProxy */;
    		};
/* End PBXTargetDependency section */

    /* Begin XCBuildConfiguration section */
    		49E1EFF649E20A2C00000003 /* Debug */ = {
    			isa = XCBuildConfiguration;
    			buildSettings = {
    
                    /* Common Settings */
    				ALWAYS_SEARCH_USER_PATHS = NO;
                    ONLY_ACTIVE_ARCH = YES;
                    CURRENT_PROJECT_VERSION = 3.4;
                    DYLIB_COMPATIBILITY_VERSION = "$(CURRENT_PROJECT_VERSION)";
                    DYLIB_CURRENT_VERSION = "$(CURRENT_PROJECT_VERSION)";
    				GCC_C_LANGUAGE_STANDARD = gnu99;
    				GCC_VERSION = com.apple.compilers.llvm.clang.1_0;
    				GCC_WARN_ABOUT_RETURN_TYPE = YES;
                    LD_DYLIB_INSTALL_NAME = "@rpath/$(EXECUTABLE_PATH)";
    				MACOSX_DEPLOYMENT_TARGET = 10.7;
    				SDKROOT = macosx;

                    OUT_DIR = "../build/macosx-x64-static";
                    BIN_DIR = "../build/macosx-x64-static/bin";
                    LIB_DIR = "../src";
                    INC_DIR = "../build/macosx-x64-static/inc";
                    OBJ_DIR = "../build/macosx-x64-static/obj";
                    SRC_DIR = "../src";

                    CONFIGURATION_TEMP_DIR = "$(OBJ_DIR)/goahead-xcode/$(CONFIGURATION)";
                    CONFIGURATION_BUILD_DIR = "$(BIN_DIR)";
                    INSTALL_PATH = "/usr/lib/goahead";
                    DSTROOT = "/tmp/goahead.dst";
                    OBJROOT = "$(OBJ_DIR)";
                    SYMROOT = "$(BIN_DIR)";
    				GCC_WARN_64_TO_32_ME_CONVERSION = YES;
				GCC_WARN_64_TO_32_ME_CONVERSION = YES;
				GCC_WARN_UNUSED_VARIABLE = NO;
				GCC_WARN_UNUSED_FUNCTION = NO;
				GCC_WARN_UNUSED_LABEL = NO;
				GCC_WARN_64_TO_32_ME_CONVERSION = YES;
				GCC_WARN_64_TO_32_ME_CONVERSION = YES;
				GCC_WARN_UNUSED_VARIABLE = NO;
				GCC_WARN_UNUSED_FUNCTION = NO;
				GCC_WARN_UNUSED_LABEL = NO;

                    /* Debug Settings */
    				COPY_PHASE_STRIP = NO;
    				GCC_OPTIMIZATION_LEVEL = 0;
    				GCC_SYMBOLS_PRIVATE_EXTERN = NO;
    				HEADER_SEARCH_PATHS = (
					"../build/macosx-x64-static/inc",
					"$(inherited)"
				);
				GCC_PREPROCESSOR_DEFINITIONS = (
					"ME_DEBUG",
					"$(inherited)"
				);
				LIBRARY_SEARCH_PATHS = (
					"../build/macosx-x64-static/bin",
					"$(inherited)"
				);
				OTHER_LDFLAGS = (
					"-Wl,-rpath,@executable_path/",
					"-Wl,-rpath,@loader_path/",
					"-ldl",
					"-lpthread",
					"-lm",
					"$(inherited)"
				);

    			};
    			name = Debug;
    		};
    		49E1EFF649E20A2C00000004 /* Release */ = {
    			isa = XCBuildConfiguration;
    			buildSettings = {
    
                    /* Common Settings */
    				ALWAYS_SEARCH_USER_PATHS = NO;
                    ONLY_ACTIVE_ARCH = YES;
                    CURRENT_PROJECT_VERSION = 3.4;
                    DYLIB_COMPATIBILITY_VERSION = "$(CURRENT_PROJECT_VERSION)";
                    DYLIB_CURRENT_VERSION = "$(CURRENT_PROJECT_VERSION)";
    				GCC_C_LANGUAGE_STANDARD = gnu99;
    				GCC_VERSION = com.apple.compilers.llvm.clang.1_0;
    				GCC_WARN_ABOUT_RETURN_TYPE = YES;
                    LD_DYLIB_INSTALL_NAME = "@rpath/$(EXECUTABLE_PATH)";
    				MACOSX_DEPLOYMENT_TARGET = 10.7;
    				SDKROOT = macosx;

                    OUT_DIR = "../build/macosx-x64-static";
                    BIN_DIR = "../build/macosx-x64-static/bin";
                    LIB_DIR = "../src";
                    INC_DIR = "../build/macosx-x64-static/inc";
                    OBJ_DIR = "../build/macosx-x64-static/obj";
                    SRC_DIR = "../src";

                    CONFIGURATION_TEMP_DIR = "$(OBJ_DIR)/goahead-xcode/$(CONFIGURATION)";
                    CONFIGURATION_BUILD_DIR = "$(BIN_DIR)";
                    INSTALL_PATH = "/usr/lib/goahead";
                    DSTROOT = "/tmp/goahead.dst";
                    OBJROOT = "$(OBJ_DIR)";
                    SYMROOT = "$(BIN_DIR)";
    				GCC_WARN_64_TO_32_ME_CONVERSION = YES;
				GCC_WARN_64_TO_32_ME_CONVERSION = YES;
				GCC_WARN_UNUSED_VARIABLE = NO;
				GCC_WARN_UNUSED_FUNCTION = NO;
				GCC_WARN_UNUSED_LABEL = NO;
				GCC_WARN_64_TO_32_ME_CONVERSION = YES;
				GCC_WARN_64_TO_32_ME_CONVERSION = YES;
				GCC_WARN_UNUSED_VARIABLE = NO;
				GCC_WARN_UNUSED_FUNCTION = NO;
				GCC_WARN_UNUSED_LABEL = NO;

                    /* Release Settings */
    				COPY_PHASE_STRIP = YES;
    				DEBUG_INFORMATION_FORMAT = "dwarf-with-dsym";
    				GCC_OPTIMIZATION_LEVEL = s;
                    GCC_WARN_UNINITIALIZED_AUTOS = NO;
    				HEADER_SEARCH_PATHS = (
					"../build/macosx-x64-static/inc",
					"$(inherited)"
				);

				LIBRARY_SEARCH_PATHS = (
					"../build/macosx-x64-static/bin",
					"$(inherited)"
				);
				OTHER_LDFLAGS = (
					"-Wl,-rpath,@executable_path/",
					"-Wl,-rpath,@loader_path/",
					"-ldl",
					"-lpthread",
					"-lm",
					"$(inherited)"
				);

    			};
    			name = Release;
    		};
		49E1EFF649E20A2C0000007E /* Debug */ = {
    			isa = XCBuildConfiguration;
    			buildSettings = {
    				PRODUCT_NAME = goahead;
    
    				GCC_PREPROCESSOR_DEFINITIONS = (
					"ME_DEBUG",
					"$(inherited)"
				);
				OTHER_LDFLAGS = (
					"-lopenssl",
					"-lssl",
					"-lcrypto",
					);

				MACH_O_TYPE = mh_execute;

    			};
    			name = Debug;
    		};
    		49E1EFF649E20A2C0000007F /* Release */ = {
    			isa = XCBuildConfiguration;
    			buildSettings = {
    				PRODUCT_NAME = goahead;
    
    				OTHER_LDFLAGS = (
					"-lopenssl",
					"-lssl",
					"-lcrypto",
					);

				MACH_O_TYPE = mh_execute;

    			};
    			name = Release;
    		};
		49E1EFF649E20A2C00000080 /* Debug */ = {
    			isa = XCBuildConfiguration;
    			buildSettings = {
    				PRODUCT_NAME = goahead-test;
    
    				GCC_PREPROCESSOR_DEFINITIONS = (
					"ME_DEBUG",
					"$(inherited)"
				);
				OTHER_LDFLAGS = (
					"-lopenssl",
					"-lssl",
					"-lcrypto",
					);

				MACH_O_TYPE = mh_execute;

    			};
    			name = Debug;
    		};
    		49E1EFF649E20A2C00000081 /* Release */ = {
    			isa = XCBuildConfiguration;
    			buildSettings = {
    				PRODUCT_NAME = goahead-test;
    
    				OTHER_LDFLAGS = (
					"-lopenssl",
					"-lssl",
					"-lcrypto",
					);

				MACH_O_TYPE = mh_execute;

    			};
    			name = Release;
    		};
		49E1EFF649E20A2C00000082 /* Debug */ = {
    			isa = XCBuildConfiguration;
    			buildSettings = {
    				PRODUCT_NAME = gopass;
    
    				GCC_PREPROCESSOR_DEFINITIONS = (
					"ME_DEBUG",
					"$(inherited)"
				);
				OTHER_LDFLAGS = (
					"-lopenssl",
					"-lssl",
					"-lcrypto",
					);

				MACH_O_TYPE = mh_execute;

    			};
    			name = Debug;
    		};
    		49E1EFF649E20A2C00000083 /* Release */ = {
    			isa = XCBuildConfiguration;
    			buildSettings = {
    				PRODUCT_NAME = gopass;
    
    				OTHER_LDFLAGS = (
					"-lopenssl",
					"-lssl",
					"-lcrypto",
					);

				MACH_O_TYPE = mh_execute;

    			};
    			name = Release;
    		};
		49E1EFF649E20A2C00000084 /* Debug */ = {
    			isa = XCBuildConfiguration;
    			buildSettings = {
    				PRODUCT_NAME = libgo;
    				EXECUTABLE_EXTENSION = a;

    				GCC_PREPROCESSOR_DEFINITIONS = (
					"ME_DEBUG",
					"$(inherited)"
				);
				OTHER_LDFLAGS = (
					"",
					"",
					"",
					);

				MACH_O_TYPE = staticlib;

    			};
    			name = Debug;
    		};
    		49E1EFF649E20A2C00000085 /* Release */ = {
    			isa = XCBuildConfiguration;
    			buildSettings = {
    				PRODUCT_NAME = libgo;
    				EXECUTABLE_EXTENSION = a;

    				OTHER_LDFLAGS = (
					"",
					"",
					"",
					);

				MACH_O_TYPE = staticlib;

    			};
    			name = Release;
    		};
		49E1EFF649E20A2C00000086 /* Debug */ = {
    			isa = XCBuildConfiguration;
    			buildSettings = {
    				PRODUCT_NAME = libopenssl;
    				EXECUTABLE_EXTENSION = a;

    				GCC_PREPROCESSOR_DEFINITIONS = (
					"ME_DEBUG",
					"$(inherited)"
				);
				OTHER_LDFLAGS = (
					"",
					"",
					);

				MACH_O_TYPE = staticlib;

    			};
    			name = Debug;
    		};
    		49E1EFF649E20A2C00000087 /* Release */ = {
    			isa = XCBuildConfiguration;
    			buildSettings = {
    				PRODUCT_NAME = libopenssl;
    				EXECUTABLE_EXTENSION = a;

    				OTHER_LDFLAGS = (
					"",
					"",
					);

				MACH_O_TYPE = staticlib;

    			};
    			name = Release;
    		};
		49E1EFF649E20A2C00000088 /* Debug */ = {
    			isa = XCBuildConfiguration;
    			buildSettings = {
    				PRODUCT_NAME = All;
    
    				GCC_PREPROCESSOR_DEFINITIONS = (
					"ME_DEBUG",
					"$(inherited)"
				);
				OTHER_LDFLAGS = ();

				MACH_O_TYPE = mh_execute;

    			};
    			name = Debug;
    		};
    		49E1EFF649E20A2C00000089 /* Release */ = {
    			isa = XCBuildConfiguration;
    			buildSettings = {
    				PRODUCT_NAME = All;
    
    				OTHER_LDFLAGS = ();

				MACH_O_TYPE = mh_execute;

    			};
    			name = Release;
    		};
		49E1EFF649E20A2C0000008A /* Debug */ = {
    			isa = XCBuildConfiguration;
    			buildSettings = {
    				PRODUCT_NAME = Prep;
    
    				GCC_PREPROCESSOR_DEFINITIONS = (
					"ME_DEBUG",
					"$(inherited)"
				);
				OTHER_LDFLAGS = ();

				MACH_O_TYPE = mh_execute;

    			};
    			name = Debug;
    		};
    		49E1EFF649E20A2C0000008B /* Release */ = {
    			isa = XCBuildConfiguration;
    			buildSettings = {
    				PRODUCT_NAME = Prep;
    
    				OTHER_LDFLAGS = ();

				MACH_O_TYPE = mh_execute;

    			};
    			name = Release;
    		};
/* End XCBuildConfiguration section */

    /* Begin XCConfigurationList section */
    		49E1EFF649E20A2C00000002 /* Build configuration list for PBXProject "goahead" */ = {
    			isa = XCConfigurationList;
    			buildConfigurations = (
    				49E1EFF649E20A2C00000003 /* Debug */,
    				49E1EFF649E20A2C00000004 /* Release */,
    			);
    			defaultConfigurationIsVisible = 0;
    			defaultConfigurationName = Release;
    		};
		49E1EFF649E20A2C00000069 /* Build configuration list for PBXNativeTarget "goahead" */ = {
    			isa = XCConfigurationList;
    			buildConfigurations = (
    				49E1EFF649E20A2C0000007E /* Debug */,
    				49E1EFF649E20A2C0000007F /* Release */,
    			);
    			defaultConfigurationIsVisible = 0;
    			defaultConfigurationName = Release;
    		};
		49E1EFF649E20A2C0000006E /* Build configuration list for PBXNativeTarget "goahead-test" */ = {
    			isa = XCConfigurationList;
    			buildConfigurations = (
    				49E1EFF649E20A2C00000080 /* Debug */,
    				49E1EFF649E20A2C00000081 /* Release */,
    			);
    			defaultConfigurationIsVisible = 0;
    			defaultConfigurationName = Release;
    		};
		49E1EFF649E20A2C00000073 /* Build configuration list for PBXNativeTarget "gopass" */ = {
    			isa = XCConfigurationList;
    			buildConfigurations = (
    				49E1EFF649E20A2C00000082 /* Debug */,
    				49E1EFF649E20A2C00000083 /* Release */,
    			);
    			defaultConfigurationIsVisible = 0;
    			defaultConfigurationName = Release;
    		};
		49E1EFF649E20A2C00000078 /* Build configuration list for PBXNativeTarget "libgo" */ = {
    			isa = XCConfigurationList;
    			buildConfigurations = (
    				49E1EFF649E20A2C00000084 /* Debug */,
    				49E1EFF649E20A2C00000085 /* Release */,
    			);
    			defaultConfigurationIsVisible = 0;
    			defaultConfigurationName = Release;
    		};
		49E1EFF649E20A2C0000007C /* Build configuration list for PBXNativeTarget "openssl" */ = {
    			isa = XCConfigurationList;
    			buildConfigurations = (
    				49E1EFF649E20A2C00000086 /* Debug */,
    				49E1EFF649E20A2C00000087 /* Release */,
    			);
    			defaultConfigurationIsVisible = 0;
    			defaultConfigurationName = Release;
    		};
		49E1EFF649E20A2C00000005 /* Build configuration list for PBXNativeTarget "All" */ = {
    			isa = XCConfigurationList;
    			buildConfigurations = (
    				49E1EFF649E20A2C00000088 /* Debug */,
    				49E1EFF649E20A2C00000089 /* Release */,
    			);
    			defaultConfigurationIsVisible = 0;
    			defaultConfigurationName = Release;
    		};
		49E1EFF649E20A2C0000000E /* Build configuration list for PBXNativeTarget "Prep" */ = {
    			isa = XCConfigurationList;
    			buildConfigurations = (
    				49E1EFF649E20A2C0000008A /* Debug */,
    				49E1EFF649E20A2C0000008B /* Release */,
    			);
    			defaultConfigurationIsVisible = 0;
    			defaultConfigurationName = Release;
    		};
/* End XCConfigurationList section */
	};
	rootObject = 49E1EFF649E20A2C00000001 /* Project object */;
}
